lockfileVersion: '9.0'

settings:
  autoInstallPeers: true
  excludeLinksFromLockfile: false
  injectWorkspacePackages: true

importers:

  .: {}

  actions/needs-triage:
    dependencies:
      '@actions/core':
        specifier: 1.10.0
        version: 1.10.0
      '@actions/github':
        specifier: 5.1.1
        version: 5.1.1
    devDependencies:
      '@types/node':
        specifier: ^18.11.0
        version: 18.19.130
      '@vercel/ncc':
        specifier: 0.38.4
        version: 0.38.4
      typescript:
        specifier: 5.1.6
        version: 5.1.6

  actions/next-integration-stat:
    dependencies:
      '@actions/core':
        specifier: ^1.10.0
        version: 1.11.1
      '@actions/exec':
        specifier: ^1.1.1
        version: 1.1.1
      '@actions/github':
        specifier: ^6.0.0
        version: 6.0.0
      semver:
        specifier: ^7.3.8
        version: 7.6.3
      strip-ansi:
        specifier: ^7.0.1
        version: 7.1.0
    devDependencies:
      '@types/node':
        specifier: ^18.11.18
        version: 18.19.130
      '@vercel/ncc':
        specifier: 0.38.4
        version: 0.38.4
      typescript:
        specifier: ^4.4.4
        version: 4.9.5

  actions/pr-auto-label:
    dependencies:
      '@actions/core':
        specifier: ^1.11.1
        version: 1.11.1
      '@actions/github':
        specifier: 6.0.0
        version: 6.0.0
      minimatch:
        specifier: ^9.0.9
        version: 9.0.9
      typescript:
        specifier: 6.0.2
        version: 6.0.2
    devDependencies:
      '@vercel/ncc':
        specifier: 0.38.4
        version: 0.38.4

  actions/validate-docs-links:
    dependencies:
      '@actions/core':
        specifier: ^1.10.0
        version: 1.11.1
      '@actions/github':
        specifier: ^5.1.1
        version: 5.1.1
      github-slugger:
        specifier: 1.2.0
        version: 1.2.0
      gray-matter:
        specifier: 4.0.2
        version: 4.0.2
      rehype-raw:
        specifier: 4.0.1
        version: 4.0.1
      remark-parse:
        specifier: 7.0.1
        version: 7.0.1
      remark-rehype:
        specifier: 5.0.0
        version: 5.0.0
      unified:
        specifier: 8.4.1
        version: 8.4.1
      unist-util-visit:
        specifier: 2.0.0
        version: 2.0.0
    devDependencies:
      '@types/github-slugger':
        specifier: ^1.3.0
        version: 1.3.0
      '@vercel/ncc':
        specifier: 0.38.4
        version: 0.38.4
      typescript:
        specifier: 5.1.6
        version: 5.1.6

packages:

  '@actions/core@1.10.0':
    resolution: {integrity: sha512-2aZDDa3zrrZbP5ZYg159sNoLRb61nQ7awl5pSvIq5Qpj81vwDzdMRKzkWJGJuwVvWpvZKx7vspJALyvaaIQyug==}

  '@actions/core@1.11.1':
    resolution: {integrity: sha512-hXJCSrkwfA46Vd9Z3q4cpEpHB1rL5NG04+/rbqW9d3+CSvtB1tYe8UTpAlixa1vj0m/ULglfEK2UKxMGxCxv5A==}

  '@actions/exec@1.1.1':
    resolution: {integrity: sha512-+sCcHHbVdk93a0XT19ECtO/gIXoxvdsgQLzb2fE2/5sIZmWQuluYyjPQtrtTHdU1YzTZ7bAPN4sITq2xi1679w==}

  '@actions/github@5.1.1':
    resolution: {integrity: sha512-Nk59rMDoJaV+mHCOJPXuvB1zIbomlKS0dmSIqPGxd0enAXBnOfn4VWF+CGtRCwXZG9Epa54tZA7VIRlJDS8A6g==}

  '@actions/github@6.0.0':
    resolution: {integrity: sha512-alScpSVnYmjNEXboZjarjukQEzgCRmjMv6Xj47fsdnqGS73bjJNDpiiXmp8jr0UZLdUB6d9jW63IcmddUP+l0g==}

  '@actions/http-client@2.2.3':
    resolution: {integrity: sha512-mx8hyJi/hjFvbPokCg4uRd4ZX78t+YyRPtnKWwIl+RzNaVuFpQHfmlGVfsKEJN8LwTCvL+DfVgAM04XaHkm6bA==}

  '@actions/io@1.1.3':
    resolution: {integrity: sha512-wi9JjgKLYS7U/z8PPbco+PvTb/nRWjeoFlJ1Qer83k/3C5PHQi28hiVdeE2kHXmIL99mQFawx8qt/JPjZilJ8Q==}

  '@fastify/busboy@2.1.1':
    resolution: {integrity: sha512-vBZP4NlzfOlerQTnba4aqZoMhE/a9HY7HRqoOPaETQcSQuWEIyZMHGfVu6w9wGtGK5fED5qRs2DteVCjOH60sA==}
    engines: {node: '>=14'}

  '@octokit/auth-token@2.5.0':
    resolution: {integrity: sha512-r5FVUJCOLl19AxiuZD2VRZ/ORjp/4IN98Of6YJoJOkY75CIBuYfmiNHGrDwXr+aLGG55igl9QrxX3hbiXlLb+g==}

  '@octokit/auth-token@4.0.0':
    resolution: {integrity: sha512-tY/msAuJo6ARbK6SPIxZrPBms3xPbfwBrulZe0Wtr/DIY9lje2HeV1uoebShn6mx7SjCHif6EjMvoREj+gZ+SA==}
    engines: {node: '>= 18'}

  '@octokit/core@3.6.0':
    resolution: {integrity: sha512-7RKRKuA4xTjMhY+eG3jthb3hlZCsOwg3rztWh75Xc+ShDWOfDDATWbeZpAHBNRpm4Tv9WgBMOy1zEJYXG6NJ7Q==}

  '@octokit/core@5.0.2':
    resolution: {integrity: sha512-cZUy1gUvd4vttMic7C0lwPed8IYXWYp8kHIMatyhY8t8n3Cpw2ILczkV5pGMPqef7v0bLo0pOHrEHarsau2Ydg==}
    engines: {node: '>= 18'}

  '@octokit/endpoint@6.0.12':
    resolution: {integrity: sha512-lF3puPwkQWGfkMClXb4k/eUT/nZKQfxinRWJrdZaJO85Dqwo/G0yOC434Jr2ojwafWJMYqFGFa5ms4jJUgujdA==}

  '@octokit/endpoint@9.0.4':
    resolution: {integrity: sha512-DWPLtr1Kz3tv8L0UvXTDP1fNwM0S+z6EJpRcvH66orY6Eld4XBMCSYsaWp4xIm61jTWxK68BrR7ibO+vSDnZqw==}
    engines: {node: '>= 18'}

  '@octokit/graphql@4.8.0':
    resolution: {integrity: sha512-0gv+qLSBLKF0z8TKaSKTsS39scVKF9dbMxJpj3U0vC7wjNWFuIpL/z76Qe2fiuCbDRcJSavkXsVtMS6/dtQQsg==}

  '@octokit/graphql@7.0.2':
    resolution: {integrity: sha512-OJ2iGMtj5Tg3s6RaXH22cJcxXRi7Y3EBqbHTBRq+PQAqfaS8f/236fUrWhfSn8P4jovyzqucxme7/vWSSZBX2Q==}
    engines: {node: '>= 18'}

  '@octokit/openapi-types@12.11.0':
    resolution: {integrity: sha512-VsXyi8peyRq9PqIz/tpqiL2w3w80OgVMwBHltTml3LmVvXiphgeqmY9mvBw9Wu7e0QWk/fqD37ux8yP5uVekyQ==}

  '@octokit/openapi-types@19.1.0':
    resolution: {integrity: sha512-6G+ywGClliGQwRsjvqVYpklIfa7oRPA0vyhPQG/1Feh+B+wU0vGH1JiJ5T25d3g1JZYBHzR2qefLi9x8Gt+cpw==}

  '@octokit/plugin-paginate-rest@2.21.3':
    resolution: {integrity: sha512-aCZTEf0y2h3OLbrgKkrfFdjRL6eSOo8komneVQJnYecAxIej7Bafor2xhuDJOIFau4pk0i/P28/XgtbyPF0ZHw==}
    peerDependencies:
      '@octokit/core': '>=2'

  '@octokit/plugin-paginate-rest@9.1.5':
    resolution: {integrity: sha512-WKTQXxK+bu49qzwv4qKbMMRXej1DU2gq017euWyKVudA6MldaSSQuxtz+vGbhxV4CjxpUxjZu6rM2wfc1FiWVg==}
    engines: {node: '>= 18'}
    peerDependencies:
      '@octokit/core': '>=5'

  '@octokit/plugin-rest-endpoint-methods@10.2.0':
    resolution: {integrity: sha512-ePbgBMYtGoRNXDyKGvr9cyHjQ163PbwD0y1MkDJCpkO2YH4OeXX40c4wYHKikHGZcpGPbcRLuy0unPUuafco8Q==}
    engines: {node: '>= 18'}
    peerDependencies:
      '@octokit/core': '>=5'

  '@octokit/plugin-rest-endpoint-methods@5.16.2':
    resolution: {integrity: sha512-8QFz29Fg5jDuTPXVtey05BLm7OB+M8fnvE64RNegzX7U+5NUXcOcnpTIK0YfSHBg8gYd0oxIq3IZTe9SfPZiRw==}
    peerDependencies:
      '@octokit/core': '>=3'

  '@octokit/request-error@2.1.0':
    resolution: {integrity: sha512-1VIvgXxs9WHSjicsRwq8PlR2LR2x6DwsJAaFgzdi0JfJoGSO8mYI/cHJQ+9FbN21aa+DrgNLnwObmyeSC8Rmpg==}

  '@octokit/request-error@5.0.1':
    resolution: {integrity: sha512-X7pnyTMV7MgtGmiXBwmO6M5kIPrntOXdyKZLigNfQWSEQzVxR4a4vo49vJjTWX70mPndj8KhfT4Dx+2Ng3vnBQ==}
    engines: {node: '>= 18'}

  '@octokit/request@5.6.3':
    resolution: {integrity: sha512-bFJl0I1KVc9jYTe9tdGGpAMPy32dLBXXo1dS/YwSCTL/2nd9XeHsY616RE3HPXDVk+a+dBuzyz5YdlXwcDTr2A==}

  '@octokit/request@8.1.6':
    resolution: {integrity: sha512-YhPaGml3ncZC1NfXpP3WZ7iliL1ap6tLkAp6MvbK2fTTPytzVUyUesBBogcdMm86uRYO5rHaM1xIWxigWZ17MQ==}
    engines: {node: '>= 18'}

  '@octokit/types@12.4.0':
    resolution: {integrity: sha512-FLWs/AvZllw/AGVs+nJ+ELCDZZJk+kY0zMen118xhL2zD0s1etIUHm1odgjP7epxYU1ln7SZxEUWYop5bhsdgQ==}

  '@octokit/types@6.41.0':
    resolution: {integrity: sha512-eJ2jbzjdijiL3B4PrSQaSjuF2sPEQPVCPzBvTHJD9Nz+9dw2SGH4K4xeQJ77YfTq5bRQ+bD8wT11JbeDPmxmGg==}

  '@types/github-slugger@1.3.0':
    resolution: {integrity: sha512-J/rMZa7RqiH/rT29TEVZO4nBoDP9XJOjnbbIofg7GQKs4JIduEO3WLpte+6WeUz/TcrXKlY+bM7FYrp8yFB+3g==}

  '@types/node@18.19.130':
    resolution: {integrity: sha512-GRaXQx6jGfL8sKfaIDD6OupbIHBr9jv7Jnaml9tB7l4v068PAOXqfcujMMo5PhbIs6ggR1XODELqahT2R8v0fg==}

  '@types/unist@2.0.11':
    resolution: {integrity: sha512-CmBKiL6NNo/OqgmMn95Fk9Whlp2mtvIv+KNpQKN2F4SjvrEesubTRWGYSg+BnWZOnlCaSTU1sMpsBOzgbYhnsA==}

  '@vercel/ncc@0.38.4':
    resolution: {integrity: sha512-8LwjnlP39s08C08J5NstzriPvW1SP8Zfpp1BvC2sI35kPeZnHfxVkCwu4/+Wodgnd60UtT1n8K8zw+Mp7J9JmQ==}
    hasBin: true

  ansi-regex@6.0.1:
    resolution: {integrity: sha512-n5M855fKb2SsfMIiFFoVrABHJC8QtHwVx+mHWP3QcEqBHYienj5dHSgjbxtC0WEZXYt4wcD6zrQElDPhFuZgfA==}
    engines: {node: '>=12'}

  argparse@1.0.10:
    resolution: {integrity: sha512-o5Roy6tNG4SL/FOkCAN6RzjiakZS25RLYFrcMttJqbdd8BWrnA+fGz57iN5Pb06pvBGvl5gQ0B48dJlslXvoTg==}

  bail@1.0.5:
    resolution: {integrity: sha512-xFbRxM1tahm08yHBP16MMjVUAvDaBMD38zsM9EMAUN61omwLmKlOpB/Zku5QkjZ8TZ4vn53pj+t518cH0S03RQ==}

  balanced-match@1.0.2:
    resolution: {integrity: sha512-3oSeUO0TMV67hN1AmbXsK4yaqU7tjiHlbxRDZOpH0KW9+CeX4bRAaX0Anxt0tx2MrpRpWwQaPwIlISEJhYU5Pw==}

  before-after-hook@2.2.3:
    resolution: {integrity: sha512-NzUnlZexiaH/46WDhANlyR2bXRopNg4F/zuSA3OpZnllCUgRaOF2znDioDWrmbNVsuZk6l9pMquQB38cfBZwkQ==}

  brace-expansion@2.1.0:
    resolution: {integrity: sha512-TN1kCZAgdgweJhWWpgKYrQaMNHcDULHkWwQIspdtjV4Y5aurRdZpjAqn6yX3FPqTA9ngHCc4hJxMAMgGfve85w==}

  ccount@1.1.0:
    resolution: {integrity: sha512-vlNK021QdI7PNeiUh/lKkC/mNHHfV0m/Ad5JoI0TYtlBnJAslM/JIkm/tGC88bkLIwO6OQ5uV6ztS6kVAtCDlg==}

  character-entities-legacy@1.1.4:
    resolution: {integrity: sha512-3Xnr+7ZFS1uxeiUDvV02wQ+QDbc55o97tIV5zHScSPJpcLm/r0DFPcoY3tYRp+VZukxuMeKgXYmsXQHO05zQeA==}

  character-entities@1.2.4:
    resolution: {integrity: sha512-iBMyeEHxfVnIakwOuDXpVkc54HijNgCyQB2w0VfGQThle6NXn50zU6V/u+LDhxHcDUPojn6Kpga3PTAD8W1bQw==}

  character-reference-invalid@1.1.4:
    resolution: {integrity: sha512-mKKUkUbhPpQlCOfIuZkvSEgktjPFIsZKRRbC6KWVEMvlzblj3i3asQv5ODsrwt0N3pHAEvjP8KTQPHkp0+6jOg==}

  collapse-white-space@1.0.6:
    resolution: {integrity: sha512-jEovNnrhMuqyCcjfEJA56v0Xq8SkIoPKDyaHahwo3POf4qcSXqMYuwNcOTzp74vTsR9Tn08z4MxWqAhcekogkQ==}

  comma-separated-tokens@1.0.8:
    resolution: {integrity: sha512-GHuDRO12Sypu2cV70d1dkA2EUmXHgntrzbpvOB+Qy+49ypNfGgFQIC2fhhXbnyrJRynDCAARsT7Ou0M6hirpfw==}

  deprecation@2.3.1:
    resolution: {integrity: sha512-xmHIy4F3scKVwMsQ4WnVaS8bHOx0DmVwRywosKhaILI0ywMDWPtBSku2HNxRvF7jtwDRsoEwYQSfbxj8b7RlJQ==}

  detab@2.0.4:
    resolution: {integrity: sha512-8zdsQA5bIkoRECvCrNKPla84lyoR7DSAyf7p0YgXzBO9PDJx8KntPUay7NS6yp+KdxdVtiE5SpHKtbp2ZQyA9g==}

  emoji-regex@6.1.1:
    resolution: {integrity: sha512-WfVwM9e+M9B/4Qjh9SRnPX2A74Tom3WlVfWF9QWJ8f2BPa1u+/q4aEp1tizZ3vBKAZTg7B6yxn3t9iMjT+dv4w==}

  esprima@4.0.1:
    resolution: {integrity: sha512-eGuFFw7Upda+g4p+QHvnW0RyTX/SVeJBDM/gCtMARO0cLuT2HcEKnTPvhjV6aGeqrCB/sbNop0Kszm0jsaWU4A==}
    engines: {node: '>=4'}
    hasBin: true

  extend-shallow@2.0.1:
    resolution: {integrity: sha512-zCnTtlxNoAiDc3gqY2aYAWFx7XWWiasuF2K8Me5WbN8otHKTUKBwjPtNpRs/rbUZm7KxWAaNj7P1a/p52GbVug==}
    engines: {node: '>=0.10.0'}

  extend@3.0.2:
    resolution: {integrity: sha512-fjquC59cD7CyW6urNXK0FBufkZcoiGG80wTuPujX590cB5Ttln20E2UB4S/WARVqhXffZl2LNgS+gQdPIIim/g==}

  github-slugger@1.2.0:
    resolution: {integrity: sha512-wIaa75k1vZhyPm9yWrD08A5Xnx/V+RmzGrpjQuLemGKSb77Qukiaei58Bogrl/LZSADDfPzKJX8jhLs4CRTl7Q==}

  gray-matter@4.0.2:
    resolution: {integrity: sha512-7hB/+LxrOjq/dd8APlK0r24uL/67w7SkYnfwhNFwg/VDIGWGmduTDYf3WNstLW2fbbmRwrDGCVSJ2isuf2+4Hw==}
    engines: {node: '>=6.0'}

  hast-to-hyperscript@7.0.4:
    resolution: {integrity: sha512-vmwriQ2H0RPS9ho4Kkbf3n3lY436QKLq6VaGA1pzBh36hBi3tm1DO9bR+kaJIbpT10UqaANDkMjxvjVfr+cnOA==}

  hast-util-from-parse5@5.0.3:
    resolution: {integrity: sha512-gOc8UB99F6eWVWFtM9jUikjN7QkWxB3nY0df5Z0Zq1/Nkwl5V4hAAsl0tmwlgWl/1shlTF8DnNYLO8X6wRV9pA==}

  hast-util-parse-selector@2.2.5:
    resolution: {integrity: sha512-7j6mrk/qqkSehsM92wQjdIgWM2/BW61u/53G6xmC8i1OmEdKLHbk419QKQUjz6LglWsfqoiHmyMRkP1BGjecNQ==}

  hast-util-raw@5.0.2:
    resolution: {integrity: sha512-3ReYQcIHmzSgMq8UrDZHFL0oGlbuVGdLKs8s/Fe8BfHFAyZDrdv1fy/AGn+Fim8ZuvAHcJ61NQhVMtyfHviT/g==}

  hast-util-to-parse5@5.1.2:
    resolution: {integrity: sha512-ZgYLJu9lYknMfsBY0rBV4TJn2xiwF1fXFFjbP6EE7S0s5mS8LIKBVWzhA1MeIs1SWW6GnnE4In6c3kPb+CWhog==}

  hastscript@5.1.2:
    resolution: {integrity: sha512-WlztFuK+Lrvi3EggsqOkQ52rKbxkXL3RwB6t5lwoa8QLMemoWfBuL43eDrwOamJyR7uKQKdmKYaBH1NZBiIRrQ==}

  html-void-elements@1.0.5:
    resolution: {integrity: sha512-uE/TxKuyNIcx44cIWnjr/rfIATDH7ZaOMmstu0CwhFG1Dunhlp4OC6/NMbhiwoq5BpW0ubi303qnEk/PZj614w==}

  inherits@2.0.4:
    resolution: {integrity: sha512-k/vGaX4/Yla3WzyMCvTQOXYeIHvqOKtnqBduzTHpzpQZzAskKMhZ2K+EnBiSM9zGSoIFeMpXKxa4dYeZIQqewQ==}

  inline-style-parser@0.1.1:
    resolution: {integrity: sha512-7NXolsK4CAS5+xvdj5OMMbI962hU/wvwoxk+LWR9Ek9bVtyuuYScDN6eS0rUm6TxApFpw7CX1o4uJzcd4AyD3Q==}

  is-alphabetical@1.0.4:
    resolution: {integrity: sha512-DwzsA04LQ10FHTZuL0/grVDk4rFoVH1pjAToYwBrHSxcrBIGQuXrQMtD5U1b0U2XVgKZCTLLP8u2Qxqhy3l2Vg==}

  is-alphanumerical@1.0.4:
    resolution: {integrity: sha512-UzoZUr+XfVz3t3v4KyGEniVL9BDRoQtY7tOyrRybkVNjDFWyo1yhXNGrrBTQxp3ib9BLAWs7k2YKBQsFRkZG9A==}

  is-buffer@2.0.5:
    resolution: {integrity: sha512-i2R6zNFDwgEHJyQUtJEk0XFi1i0dPFn/oqjK3/vPCcDeJvW5NQ83V8QbicfF1SupOaB0h8ntgBC2YiE7dfyctQ==}
    engines: {node: '>=4'}

  is-decimal@1.0.4:
    resolution: {integrity: sha512-RGdriMmQQvZ2aqaQq3awNA6dCGtKpiDFcOzrTWrDAT2MiWrKQVPmxLGHl7Y2nNu6led0kEyoX0enY0qXYsv9zw==}

  is-extendable@0.1.1:
    resolution: {integrity: sha512-5BMULNob1vgFX6EjQw5izWDxrecWK9AM72rugNr0TFldMOi0fj6Jk+zeKIt0xGj4cEfQIJth4w3OKWOJ4f+AFw==}
    engines: {node: '>=0.10.0'}

  is-hexadecimal@1.0.4:
    resolution: {integrity: sha512-gyPJuv83bHMpocVYoqof5VDiZveEoGoFL8m3BXNb2VW8Xs+rz9kqO8LOQ5DH6EsuvilT1ApazU0pyl+ytbPtlw==}

  is-plain-obj@2.1.0:
    resolution: {integrity: sha512-YWnfyRwxL/+SsrWYfOpUtz5b3YD+nyfkHvjbcanzk8zgyO4ASD67uVMRt8k5bM4lLMDnXfriRhOpemw+NfT1eA==}
    engines: {node: '>=8'}

  is-plain-object@5.0.0:
    resolution: {integrity: sha512-VRSzKkbMm5jMDoKLbltAkFQ5Qr7VDiTFGXxYFXXowVj387GeGNOCsOH6Msy00SGZ3Fp84b1Naa1psqgcCIEP5Q==}
    engines: {node: '>=0.10.0'}

  is-whitespace-character@1.0.4:
    resolution: {integrity: sha512-SDweEzfIZM0SJV0EUga669UTKlmL0Pq8Lno0QDQsPnvECB3IM2aP0gdx5TrU0A01MAPfViaZiI2V1QMZLaKK5w==}

  is-word-character@1.0.4:
    resolution: {integrity: sha512-5SMO8RVennx3nZrqtKwCGyyetPE9VDba5ugvKLaD4KopPG5kR4mQ7tNt/r7feL5yt5h3lpuBbIUmCOG2eSzXHA==}

  js-yaml@3.14.1:
    resolution: {integrity: sha512-okMH7OXXJ7YrN9Ok3/SXrnu4iX9yOk+25nqX4imS2npuvTYDmo/QEZoqwZkYaIDk3jVvBOTOIEgEhaLOynBS9g==}
    hasBin: true

  kind-of@6.0.3:
    resolution: {integrity: sha512-dcS1ul+9tmeD95T+x28/ehLgd9mENa3LsvDTtzm3vyBEO7RPptvAD+t44WVXaUjTBRcrpFeFlC8WCruUR456hw==}
    engines: {node: '>=0.10.0'}

  markdown-escapes@1.0.4:
    resolution: {integrity: sha512-8z4efJYk43E0upd0NbVXwgSTQs6cT3T06etieCMEg7dRbzCbxUCK/GHlX8mhHRDcp+OLlHkPKsvqQTCvsRl2cg==}

  mdast-util-definitions@1.2.5:
    resolution: {integrity: sha512-CJXEdoLfiISCDc2JB6QLb79pYfI6+GcIH+W2ox9nMc7od0Pz+bovcHsiq29xAQY6ayqe/9CsK2VzkSJdg1pFYA==}

  mdast-util-to-hast@6.0.2:
    resolution: {integrity: sha512-GjcOimC9qHI0yNFAQdBesrZXzUkRdFleQlcoU8+TVNfDW6oLUazUx8MgUoTaUyCJzBOnE5AOgqhpURrSlf0QwQ==}

  mdurl@1.0.1:
    resolution: {integrity: sha512-/sKlQJCBYVY9Ers9hqzKou4H6V5UWc/M59TH2dvkt+84itfnq7uFOMLpOiOS4ujvHP4etln18fmIxA5R5fll0g==}

  minimatch@9.0.9:
    resolution: {integrity: sha512-OBwBN9AL4dqmETlpS2zasx+vTeWclWzkblfZk7KTA5j3jeOONz/tRCnZomUyvNg83wL5Zv9Ss6HMJXAgL8R2Yg==}
    engines: {node: '>=16 || 14 >=14.17'}

  node-fetch@2.7.0:
    resolution: {integrity: sha512-c4FRfUm/dbcWZ7U+1Wq0AwCyFL+3nt2bEw05wfxSz+DWpWsitgmSgYmy2dQdWyKC1694ELPqMs/YzUSNozLt8A==}
    engines: {node: 4.x || >=6.0.0}
    peerDependencies:
      encoding: ^0.1.0
    peerDependenciesMeta:
      encoding:
        optional: true

  object-assign@4.1.1:
    resolution: {integrity: sha512-rJgTQnkUnH1sFw8yT6VSU3zD3sWmu6sZhIseY8VX+GRu3P6F7Fu+JNDoXfklElbLJSnc3FUQHVe4cU5hj+BcUg==}
    engines: {node: '>=0.10.0'}

  once@1.4.0:
    resolution: {integrity: sha512-lNaJgI+2Q5URQBkccEKHTQOPaXdUxnZZElQTZY0MFUAuaEqe1E+Nyvgdz/aIyNi6Z9MzO5dv1H8n58/GELp3+w==}

  parse-entities@1.2.2:
    resolution: {integrity: sha512-NzfpbxW/NPrzZ/yYSoQxyqUZMZXIdCfE0OIN4ESsnptHJECoUk3FZktxNuzQf4tjt5UEopnxpYJbvYuxIFDdsg==}

  parse5@5.1.1:
    resolution: {integrity: sha512-ugq4DFI0Ptb+WWjAdOK16+u/nHfiIrcE+sh8kZMaM0WllQKLI9rOUq6c2b7cwPkXdzfQESqvoqK6ug7U/Yyzug==}

  property-information@5.6.0:
    resolution: {integrity: sha512-YUHSPk+A30YPv+0Qf8i9Mbfe/C0hdPXk1s1jPVToV8pk8BQtpw10ct89Eo7OWkutrwqvT0eicAxlOg3dOAu8JA==}

  rehype-raw@4.0.1:
    resolution: {integrity: sha512-g74dPCUWeB9EBfTfGF3lGOHSnZwFwN1ssc3Je9OwQO9f8yTkkAIrMqUVxT34h8zpi4ICU051tTLBZbOrzRWpxg==}

  remark-parse@7.0.1:
    resolution: {integrity: sha512-WOZLa545jYXtSy+txza6ACudKWByQac4S2DmGk+tAGO/3XnVTOxwyCIxB7nTcLlk8Aayhcuf3cV1WV6U6L7/DQ==}

  remark-rehype@5.0.0:
    resolution: {integrity: sha512-tgo+AeOotuh9FnGMkEPbE6C3OfdARqqSxT0H/KNGAiTwJLiDoRSm6x/ytqPZTyYSiQ/exbi/kx7k6uUvqYL1wQ==}

  repeat-string@1.6.1:
    resolution: {integrity: sha512-PV0dzCYDNfRi1jCDbJzpW7jNNDRuCOG/jI5ctQcGKt/clZD+YcPS3yIlWuTJMmESC8aevCFmWJy5wjAFgNqN6w==}
    engines: {node: '>=0.10'}

  section-matter@1.0.0:
    resolution: {integrity: sha512-vfD3pmTzGpufjScBh50YHKzEu2lxBWhVEHsNGoEXmCmn2hKGfeNLYMzCJpe8cD7gqX7TJluOVpBkAequ6dgMmA==}
    engines: {node: '>=4'}

  semver@7.6.3:
    resolution: {integrity: sha512-oVekP1cKtI+CTDvHWYFUcMtsK/00wmAEfyqKfNdARm8u1wNVhSgaX7A8d4UuIlUI5e84iEwOhs7ZPYRmzU9U6A==}
    engines: {node: '>=10'}
    hasBin: true

  space-separated-tokens@1.1.5:
    resolution: {integrity: sha512-q/JSVd1Lptzhf5bkYm4ob4iWPjx0KiRe3sRFBNrVqbJkFaBm5vbbowy1mymoPNLRa52+oadOhJ+K49wsSeSjTA==}

  sprintf-js@1.0.3:
    resolution: {integrity: sha512-D9cPgkvLlV3t3IzL0D0YLvGA9Ahk4PcvVwUbN0dSGr1aP0Nrt4AEnTUbuGvquEC0mA64Gqt1fzirlRs5ibXx8g==}

  state-toggle@1.0.3:
    resolution: {integrity: sha512-d/5Z4/2iiCnHw6Xzghyhb+GcmF89bxwgXG60wjIiZaxnymbyOmI8Hk4VqHXiVVp6u2ysaskFfXg3ekCj4WNftQ==}

  strip-ansi@7.1.0:
    resolution: {integrity: sha512-iq6eVVI64nQQTRYq2KtEg2d2uU7LElhTJwsH4YzIHZshxlgZms/wIc4VoDQTlG/IvVIrBKG06CrZnp0qv7hkcQ==}
    engines: {node: '>=12'}

  strip-bom-string@1.0.0:
    resolution: {integrity: sha512-uCC2VHvQRYu+lMh4My/sFNmF2klFymLX1wHJeXnbEJERpV/ZsVuonzerjfrGpIGF7LBVa1O7i9kjiWvJiFck8g==}
    engines: {node: '>=0.10.0'}

  style-to-object@0.2.3:
    resolution: {integrity: sha512-1d/k4EY2N7jVLOqf2j04dTc37TPOv/hHxZmvpg8Pdh8UYydxeu/C1W1U4vD8alzf5V2Gt7rLsmkr4dxAlDm9ng==}

  tr46@0.0.3:
    resolution: {integrity: sha512-N3WMsuqV66lT30CrXNbEjx4GEwlow3v6rr4mCcv6prnfwhS01rkgyFdjPNBYd9br7LpXV1+Emh01fHnq2Gdgrw==}

  trim-lines@1.1.3:
    resolution: {integrity: sha512-E0ZosSWYK2mkSu+KEtQ9/KqarVjA9HztOSX+9FDdNacRAq29RRV6ZQNgob3iuW8Htar9vAfEa6yyt5qBAHZDBA==}

  trim-trailing-lines@1.1.4:
    resolution: {integrity: sha512-rjUWSqnfTNrjbB9NQWfPMH/xRK1deHeGsHoVfpxJ++XeYXE0d6B1En37AHfw3jtfTU7dzMzZL2jjpe8Qb5gLIQ==}

  trim@0.0.1:
    resolution: {integrity: sha512-YzQV+TZg4AxpKxaTHK3c3D+kRDCGVEE7LemdlQZoQXn0iennk10RsIoY6ikzAqJTc9Xjl9C1/waHom/J86ziAQ==}
    deprecated: Use String.prototype.trim() instead

  trough@1.0.5:
    resolution: {integrity: sha512-rvuRbTarPXmMb79SmzEp8aqXNKcK+y0XaB298IXueQ8I2PsrATcPBCSPyK/dDNa2iWOhKlfNnOjdAOTBU/nkFA==}

  tunnel@0.0.6:
    resolution: {integrity: sha512-1h/Lnq9yajKY2PEbBadPXj3VxsDDu844OnaAo52UVmIzIvwwtBPIuNvkjuzBlTWpfJyUbG3ez0KSBibQkj4ojg==}
    engines: {node: '>=0.6.11 <=0.7.0 || >=0.7.3'}

  typescript@4.9.5:
    resolution: {integrity: sha512-1FXk9E2Hm+QzZQ7z+McJiHL4NW1F2EzMu9Nq9i3zAaGqibafqYwCVU6WyWAuyQRRzOlxou8xZSyXLEN8oKj24g==}
    engines: {node: '>=4.2.0'}
    hasBin: true

  typescript@5.1.6:
    resolution: {integrity: sha512-zaWCozRZ6DLEWAWFrVDz1H6FVXzUSfTy5FUMWsQlU8Ym5JP9eO4xkTIROFCQvhQf61z6O/G6ugw3SgAnvvm+HA==}
    engines: {node: '>=14.17'}
    hasBin: true

  typescript@6.0.2:
    resolution: {integrity: sha512-bGdAIrZ0wiGDo5l8c++HWtbaNCWTS4UTv7RaTH/ThVIgjkveJt83m74bBHMJkuCbslY8ixgLBVZJIOiQlQTjfQ==}
    engines: {node: '>=14.17'}
    hasBin: true

  undici-types@5.26.5:
    resolution: {integrity: sha512-JlCMO+ehdEIKqlFxk6IfVoAUVmgz7cU7zD/h9XZ0qzeosSHmUJVOzSQvvYSYWXkFXC+IfLKSIffhv0sVZup6pA==}

  undici@5.28.4:
    resolution: {integrity: sha512-72RFADWFqKmUb2hmmvNODKL3p9hcB6Gt2DOQMis1SEBaV6a4MH8soBvzg+95CYhCKPFedut2JY9bMfrDl9D23g==}
    engines: {node: '>=14.0'}

  unherit@1.1.3:
    resolution: {integrity: sha512-Ft16BJcnapDKp0+J/rqFC3Rrk6Y/Ng4nzsC028k2jdDII/rdZ7Wd3pPT/6+vIIxRagwRc9K0IUX0Ra4fKvw+WQ==}

  unified@8.4.1:
    resolution: {integrity: sha512-YPj/uIIZSO7mMIZQj/5Z3hDl4lshWYRQGs5TgUCjHTVdklUWH+O94mK5Cy77SEcmEUwGhnUcudMuH/zIwporqw==}

  unist-builder@1.0.4:
    resolution: {integrity: sha512-v6xbUPP7ILrT15fHGrNyHc1Xda8H3xVhP7/HAIotHOhVPjH5dCXA097C3Rry1Q2O+HbOLCao4hfPB+EYEjHgVg==}

  unist-util-generated@1.1.6:
    resolution: {integrity: sha512-cln2Mm1/CZzN5ttGK7vkoGw+RZ8VcUH6BtGbq98DDtRGquAAOXig1mrBQYelOwMXYS8rK+vZDyyojSjp7JX+Lg==}

  unist-util-is@3.0.0:
    resolution: {integrity: sha512-sVZZX3+kspVNmLWBPAB6r+7D9ZgAFPNWm66f7YNb420RlQSbn+n8rG8dGZSkrER7ZIXGQYNm5pqC3v3HopH24A==}

  unist-util-is@4.1.0:
    resolution: {integrity: sha512-ZOQSsnce92GrxSqlnEEseX0gi7GH9zTJZ0p9dtu87WRb/37mMPO2Ilx1s/t9vBHrFhbgweUwb+t7cIn5dxPhZg==}

  unist-util-position@3.1.0:
    resolution: {integrity: sha512-w+PkwCbYSFw8vpgWD0v7zRCl1FpY3fjDSQ3/N/wNd9Ffa4gPi8+4keqt99N3XW6F99t/mUzp2xAhNmfKWp95QA==}

  unist-util-remove-position@1.1.4:
    resolution: {integrity: sha512-tLqd653ArxJIPnKII6LMZwH+mb5q+n/GtXQZo6S6csPRs5zB0u79Yw8ouR3wTw8wxvdJFhpP6Y7jorWdCgLO0A==}

  unist-util-stringify-position@2.0.3:
    resolution: {integrity: sha512-3faScn5I+hy9VleOq/qNbAd6pAx7iH5jYBMS9I1HgQVijz/4mv5Bvw5iw1sC/90CODiKo81G/ps8AJrISn687g==}

  unist-util-visit-parents@2.1.2:
    resolution: {integrity: sha512-DyN5vD4NE3aSeB+PXYNKxzGsfocxp6asDc2XXE3b0ekO2BaRUpBicbbUygfSvYfUz1IkmjFR1YF7dPklraMZ2g==}

  unist-util-visit-parents@3.1.1:
    resolution: {integrity: sha512-1KROIZWo6bcMrZEwiH2UrXDyalAa0uqzWCxCJj6lPOvTve2WkfgCytoDTPaMnodXh1WrXOq0haVYHj99ynJlsg==}

  unist-util-visit@1.4.1:
    resolution: {integrity: sha512-AvGNk7Bb//EmJZyhtRUnNMEpId/AZ5Ph/KUpTI09WHQuDZHKovQ1oEv3mfmKpWKtoMzyMC4GLBm1Zy5k12fjIw==}

  unist-util-visit@2.0.0:
    resolution: {integrity: sha512-kiTpWKsF54u/78L/UU/i7lxrnqGiEWBgqCpaIZBYP0gwUC+Akq0Ajm4U8JiNIoQNfAioBdsyarnOcTEAb9mLeQ==}

  universal-user-agent@6.0.0:
    resolution: {integrity: sha512-isyNax3wXoKaulPDZWHQqbmIx1k2tb9fb3GGDBRxCscfYV2Ch7WxPArBsFEG8s/safwXTT7H4QGhaIkTp9447w==}

  uuid@8.3.2:
    resolution: {integrity: sha512-+NYs2QeMWy+GWFOEm9xnn6HCDp0l7QBD7ml8zLUmJ+93Q5NF0NocErnwkTkXVFNiX3/fpC6afS8Dhb/gz7R7eg==}
    hasBin: true

  vfile-location@2.0.6:
    resolution: {integrity: sha512-sSFdyCP3G6Ka0CEmN83A2YCMKIieHx0EDaj5IDP4g1pa5ZJ4FJDvpO0WODLxo4LUX4oe52gmSCK7Jw4SBghqxA==}

  vfile-message@2.0.4:
    resolution: {integrity: sha512-DjssxRGkMvifUOJre00juHoP9DPWuzjxKuMDrhNbk2TdaYYBNMStsNhEOt3idrtI12VQYM/1+iM0KOzXi4pxwQ==}

  vfile@4.2.1:
    resolution: {integrity: sha512-O6AE4OskCG5S1emQ/4gl8zK586RqA3srz3nfK/Viy0UPToBc5Trp9BVFb1u0CjsKrAWwnpr4ifM/KBXPWwJbCA==}

  web-namespaces@1.1.4:
    resolution: {integrity: sha512-wYxSGajtmoP4WxfejAPIr4l0fVh+jeMXZb08wNc0tMg6xsfZXj3cECqIK0G7ZAqUq0PP8WlMDtaOGVBTAWztNw==}

  webidl-conversions@3.0.1:
    resolution: {integrity: sha512-2JAn3z8AR6rjK8Sm8orRC0h/bcl/DqL7tRPdGZ4I1CjdF+EaMLmYxBHyXuKL849eucPFhvBoxMsflfOb8kxaeQ==}

  whatwg-url@5.0.0:
    resolution: {integrity: sha512-saE57nupxk6v3HY35+jzBwYa0rKSy0XR8JSxZPwgLr7ys0IBzhGviA1/TUGJLmSVqs8pb9AnvICXEuOHLprYTw==}

  wrappy@1.0.2:
    resolution: {integrity: sha512-l4Sp/DRseor9wL6EvV2+TuQn63dMkPjZ/sp9XkghTEbV9KlPS1xUsZ3u7/IQO4wxtcFB4bgpQPRcR3QCvezPcQ==}

  xtend@4.0.2:
    resolution: {integrity: sha512-LKYU1iAXJXUgAXn9URjiu+MWhyUXHsvfp7mcuYm9dSUKK0/CjtrUwFAxD82/mCWbtLsGjFIad0wIsod4zrTAEQ==}
    engines: {node: '>=0.4'}

  zwitch@1.0.5:
    resolution: {integrity: sha512-V50KMwwzqJV0NpZIZFwfOD5/lyny3WlSzRiXgA0G7VUnRlqttta1L6UQIHzd6EuBY/cHGfwTIck7w1yH6Q5zUw==}

snapshots:

  '@actions/core@1.10.0':
    dependencies:
      '@actions/http-client': 2.2.3
      uuid: 8.3.2

  '@actions/core@1.11.1':
    dependencies:
      '@actions/exec': 1.1.1
      '@actions/http-client': 2.2.3

  '@actions/exec@1.1.1':
    dependencies:
      '@actions/io': 1.1.3

  '@actions/github@5.1.1':
    dependencies:
      '@actions/http-client': 2.2.3
      '@octokit/core': 3.6.0
      '@octokit/plugin-paginate-rest': 2.21.3(@octokit/core@3.6.0)
      '@octokit/plugin-rest-endpoint-methods': 5.16.2(@octokit/core@3.6.0)
    transitivePeerDependencies:
      - encoding

  '@actions/github@6.0.0':
    dependencies:
      '@actions/http-client': 2.2.3
      '@octokit/core': 5.0.2
      '@octokit/plugin-paginate-rest': 9.1.5(@octokit/core@5.0.2)
      '@octokit/plugin-rest-endpoint-methods': 10.2.0(@octokit/core@5.0.2)

  '@actions/http-client@2.2.3':
    dependencies:
      tunnel: 0.0.6
      undici: 5.28.4

  '@actions/io@1.1.3': {}

  '@fastify/busboy@2.1.1': {}

  '@octokit/auth-token@2.5.0':
    dependencies:
      '@octokit/types': 6.41.0

  '@octokit/auth-token@4.0.0': {}

  '@octokit/core@3.6.0':
    dependencies:
      '@octokit/auth-token': 2.5.0
      '@octokit/graphql': 4.8.0
      '@octokit/request': 5.6.3
      '@octokit/request-error': 2.1.0
      '@octokit/types': 6.41.0
      before-after-hook: 2.2.3
      universal-user-agent: 6.0.0
    transitivePeerDependencies:
      - encoding

  '@octokit/core@5.0.2':
    dependencies:
      '@octokit/auth-token': 4.0.0
      '@octokit/graphql': 7.0.2
      '@octokit/request': 8.1.6
      '@octokit/request-error': 5.0.1
      '@octokit/types': 12.4.0
      before-after-hook: 2.2.3
      universal-user-agent: 6.0.0

  '@octokit/endpoint@6.0.12':
    dependencies:
      '@octokit/types': 6.41.0
      is-plain-object: 5.0.0
      universal-user-agent: 6.0.0

  '@octokit/endpoint@9.0.4':
    dependencies:
      '@octokit/types': 12.4.0
      universal-user-agent: 6.0.0

  '@octokit/graphql@4.8.0':
    dependencies:
      '@octokit/request': 5.6.3
      '@octokit/types': 6.41.0
      universal-user-agent: 6.0.0
    transitivePeerDependencies:
      - encoding

  '@octokit/graphql@7.0.2':
    dependencies:
      '@octokit/request': 8.1.6
      '@octokit/types': 12.4.0
      universal-user-agent: 6.0.0

  '@octokit/openapi-types@12.11.0': {}

  '@octokit/openapi-types@19.1.0': {}

  '@octokit/plugin-paginate-rest@2.21.3(@octokit/core@3.6.0)':
    dependencies:
      '@octokit/core': 3.6.0
      '@octokit/types': 6.41.0

  '@octokit/plugin-paginate-rest@9.1.5(@octokit/core@5.0.2)':
    dependencies:
      '@octokit/core': 5.0.2
      '@octokit/types': 12.4.0

  '@octokit/plugin-rest-endpoint-methods@10.2.0(@octokit/core@5.0.2)':
    dependencies:
      '@octokit/core': 5.0.2
      '@octokit/types': 12.4.0

  '@octokit/plugin-rest-endpoint-methods@5.16.2(@octokit/core@3.6.0)':
    dependencies:
      '@octokit/core': 3.6.0
      '@octokit/types': 6.41.0
      deprecation: 2.3.1

  '@octokit/request-error@2.1.0':
    dependencies:
      '@octokit/types': 6.41.0
      deprecation: 2.3.1
      once: 1.4.0

  '@octokit/request-error@5.0.1':
    dependencies:
      '@octokit/types': 12.4.0
      deprecation: 2.3.1
      once: 1.4.0

  '@octokit/request@5.6.3':
    dependencies:
      '@octokit/endpoint': 6.0.12
      '@octokit/request-error': 2.1.0
      '@octokit/types': 6.41.0
      is-plain-object: 5.0.0
      node-fetch: 2.7.0
      universal-user-agent: 6.0.0
    transitivePeerDependencies:
      - encoding

  '@octokit/request@8.1.6':
    dependencies:
      '@octokit/endpoint': 9.0.4
      '@octokit/request-error': 5.0.1
      '@octokit/types': 12.4.0
      universal-user-agent: 6.0.0

  '@octokit/types@12.4.0':
    dependencies:
      '@octokit/openapi-types': 19.1.0

  '@octokit/types@6.41.0':
    dependencies:
      '@octokit/openapi-types': 12.11.0

  '@types/github-slugger@1.3.0': {}

  '@types/node@18.19.130':
    dependencies:
      undici-types: 5.26.5

  '@types/unist@2.0.11': {}

  '@vercel/ncc@0.38.4': {}

  ansi-regex@6.0.1: {}

  argparse@1.0.10:
    dependencies:
      sprintf-js: 1.0.3

  bail@1.0.5: {}

  balanced-match@1.0.2: {}

  before-after-hook@2.2.3: {}

  brace-expansion@2.1.0:
    dependencies:
      balanced-match: 1.0.2

  ccount@1.1.0: {}

  character-entities-legacy@1.1.4: {}

  character-entities@1.2.4: {}

  character-reference-invalid@1.1.4: {}

  collapse-white-space@1.0.6: {}

  comma-separated-tokens@1.0.8: {}

  deprecation@2.3.1: {}

  detab@2.0.4:
    dependencies:
      repeat-string: 1.6.1

  emoji-regex@6.1.1: {}

  esprima@4.0.1: {}

  extend-shallow@2.0.1:
    dependencies:
      is-extendable: 0.1.1

  extend@3.0.2: {}

  github-slugger@1.2.0:
    dependencies:
      emoji-regex: 6.1.1

  gray-matter@4.0.2:
    dependencies:
      js-yaml: 3.14.1
      kind-of: 6.0.3
      section-matter: 1.0.0
      strip-bom-string: 1.0.0

  hast-to-hyperscript@7.0.4:
    dependencies:
      comma-separated-tokens: 1.0.8
      property-information: 5.6.0
      space-separated-tokens: 1.1.5
      style-to-object: 0.2.3
      unist-util-is: 3.0.0
      web-namespaces: 1.1.4

  hast-util-from-parse5@5.0.3:
    dependencies:
      ccount: 1.1.0
      hastscript: 5.1.2
      property-information: 5.6.0
      web-namespaces: 1.1.4
      xtend: 4.0.2

  hast-util-parse-selector@2.2.5: {}

  hast-util-raw@5.0.2:
    dependencies:
      hast-util-from-parse5: 5.0.3
      hast-util-to-parse5: 5.1.2
      html-void-elements: 1.0.5
      parse5: 5.1.1
      unist-util-position: 3.1.0
      web-namespaces: 1.1.4
      xtend: 4.0.2
      zwitch: 1.0.5

  hast-util-to-parse5@5.1.2:
    dependencies:
      hast-to-hyperscript: 7.0.4
      property-information: 5.6.0
      web-namespaces: 1.1.4
      xtend: 4.0.2
      zwitch: 1.0.5

  hastscript@5.1.2:
    dependencies:
      comma-separated-tokens: 1.0.8
      hast-util-parse-selector: 2.2.5
      property-information: 5.6.0
      space-separated-tokens: 1.1.5

  html-void-elements@1.0.5: {}

  inherits@2.0.4: {}

  inline-style-parser@0.1.1: {}

  is-alphabetical@1.0.4: {}

  is-alphanumerical@1.0.4:
    dependencies:
      is-alphabetical: 1.0.4
      is-decimal: 1.0.4

  is-buffer@2.0.5: {}

  is-decimal@1.0.4: {}

  is-extendable@0.1.1: {}

  is-hexadecimal@1.0.4: {}

  is-plain-obj@2.1.0: {}

  is-plain-object@5.0.0: {}

  is-whitespace-character@1.0.4: {}

  is-word-character@1.0.4: {}

  js-yaml@3.14.1:
    dependencies:
      argparse: 1.0.10
      esprima: 4.0.1

  kind-of@6.0.3: {}

  markdown-escapes@1.0.4: {}

  mdast-util-definitions@1.2.5:
    dependencies:
      unist-util-visit: 1.4.1

  mdast-util-to-hast@6.0.2:
    dependencies:
      collapse-white-space: 1.0.6
      detab: 2.0.4
      mdast-util-definitions: 1.2.5
      mdurl: 1.0.1
      trim: 0.0.1
      trim-lines: 1.1.3
      unist-builder: 1.0.4
      unist-util-generated: 1.1.6
      unist-util-position: 3.1.0
      unist-util-visit: 1.4.1
      xtend: 4.0.2

  mdurl@1.0.1: {}

  minimatch@9.0.9:
    dependencies:
      brace-expansion: 2.1.0

  node-fetch@2.7.0:
    dependencies:
      whatwg-url: 5.0.0

  object-assign@4.1.1: {}

  once@1.4.0:
    dependencies:
      wrappy: 1.0.2

  parse-entities@1.2.2:
    dependencies:
      character-entities: 1.2.4
      character-entities-legacy: 1.1.4
      character-reference-invalid: 1.1.4
      is-alphanumerical: 1.0.4
      is-decimal: 1.0.4
      is-hexadecimal: 1.0.4

  parse5@5.1.1: {}

  property-information@5.6.0:
    dependencies:
      xtend: 4.0.2

  rehype-raw@4.0.1:
    dependencies:
      hast-util-raw: 5.0.2

  remark-parse@7.0.1:
    dependencies:
      collapse-white-space: 1.0.6
      is-alphabetical: 1.0.4
      is-decimal: 1.0.4
      is-whitespace-character: 1.0.4
      is-word-character: 1.0.4
      markdown-escapes: 1.0.4
      parse-entities: 1.2.2
      repeat-string: 1.6.1
      state-toggle: 1.0.3
      trim: 0.0.1
      trim-trailing-lines: 1.1.4
      unherit: 1.1.3
      unist-util-remove-position: 1.1.4
      vfile-location: 2.0.6
      xtend: 4.0.2

  remark-rehype@5.0.0:
    dependencies:
      mdast-util-to-hast: 6.0.2

  repeat-string@1.6.1: {}

  section-matter@1.0.0:
    dependencies:
      extend-shallow: 2.0.1
      kind-of: 6.0.3

  semver@7.6.3: {}

  space-separated-tokens@1.1.5: {}

  sprintf-js@1.0.3: {}

  state-toggle@1.0.3: {}

  strip-ansi@7.1.0:
    dependencies:
      ansi-regex: 6.0.1

  strip-bom-string@1.0.0: {}

  style-to-object@0.2.3:
    dependencies:
      inline-style-parser: 0.1.1

  tr46@0.0.3: {}

  trim-lines@1.1.3: {}

  trim-trailing-lines@1.1.4: {}

  trim@0.0.1: {}

  trough@1.0.5: {}

  tunnel@0.0.6: {}

  typescript@4.9.5: {}

  typescript@5.1.6: {}

  typescript@6.0.2: {}

  undici-types@5.26.5: {}

  undici@5.28.4:
    dependencies:
      '@fastify/busboy': 2.1.1

  unherit@1.1.3:
    dependencies:
      inherits: 2.0.4
      xtend: 4.0.2

  unified@8.4.1:
    dependencies:
      '@types/unist': 2.0.11
      bail: 1.0.5
      extend: 3.0.2
      is-plain-obj: 2.1.0
      trough: 1.0.5
      vfile: 4.2.1

  unist-builder@1.0.4:
    dependencies:
      object-assign: 4.1.1

  unist-util-generated@1.1.6: {}

  unist-util-is@3.0.0: {}

  unist-util-is@4.1.0: {}

  unist-util-position@3.1.0: {}

  unist-util-remove-position@1.1.4:
    dependencies:
      unist-util-visit: 1.4.1

  unist-util-stringify-position@2.0.3:
    dependencies:
      '@types/unist': 2.0.11

  unist-util-visit-parents@2.1.2:
    dependencies:
      unist-util-is: 3.0.0

  unist-util-visit-parents@3.1.1:
    dependencies:
      '@types/unist': 2.0.11
      unist-util-is: 4.1.0

  unist-util-visit@1.4.1:
    dependencies:
      unist-util-visit-parents: 2.1.2

  unist-util-visit@2.0.0:
    dependencies:
      '@types/unist': 2.0.11
      unist-util-is: 4.1.0
      unist-util-visit-parents: 3.1.1

  universal-user-agent@6.0.0: {}

  uuid@8.3.2: {}

  vfile-location@2.0.6: {}

  vfile-message@2.0.4:
    dependencies:
      '@types/unist': 2.0.11
      unist-util-stringify-position: 2.0.3

  vfile@4.2.1:
    dependencies:
      '@types/unist': 2.0.11
      is-buffer: 2.0.5
      unist-util-stringify-position: 2.0.3
      vfile-message: 2.0.4

  web-namespaces@1.1.4: {}

  webidl-conversions@3.0.1: {}

  whatwg-url@5.0.0:
    dependencies:
      tr46: 0.0.3
      webidl-conversions: 3.0.1

  wrappy@1.0.2: {}

  xtend@4.0.2: {}

  zwitch@1.0.5: {}
