lockfileVersion: '9.0'

settings:
  autoInstallPeers: true
  excludeLinksFromLockfile: false

importers:

  .:
    dependencies:
      '@types/node':
        specifier: 26.1.0
        version: 26.1.0
      '@types/react':
        specifier: 19.2.2
        version: 19.2.2
      '@types/react-dom':
        specifier: 19.2.1
        version: 19.2.1(@types/react@19.2.2)
      next:
        specifier: 16.4.0-canary.51
        version: 16.4.0-canary.51(@types/node@26.1.0)(react-dom@19.3.0-canary-fef12a01-20260413(react@19.3.0-canary-fef12a01-20260413))(react@19.3.0-canary-fef12a01-20260413)
      react:
        specifier: 19.3.0-canary-fef12a01-20260413
        version: 19.3.0-canary-fef12a01-20260413
      react-dom:
        specifier: 19.3.0-canary-fef12a01-20260413
        version: 19.3.0-canary-fef12a01-20260413(react@19.3.0-canary-fef12a01-20260413)
      typescript:
        specifier: 6.0.3
        version: 6.0.3

packages:

  '@emnapi/runtime@1.11.3':
    resolution: {integrity: sha512-Xz4Tpyki7XyrpbUK1jR1AhdAdaXyhhY4lZ3neLodmhpuWfy2PAQN5B46sAiU4liOXGLkHypn/qU+jvfWSCYYLA==}

  '@img/colour@1.1.0':
    resolution: {integrity: sha512-Td76q7j57o/tLVdgS746cYARfSyxk8iEfRxewL9h4OMzYhbW4TAcppl0mT4eyqXddh6L/jwoM75mo7ixa/pCeQ==}
    engines: {node: '>=18'}

  '@img/sharp-darwin-arm64@0.35.5':
    resolution: {integrity: sha512-QRUlFQ0WxvdWyqqG/WtI3iupfD5rBzmCHXSdPsY91sAtVtTo7Q4cb6zOccZ3gqEqkr0f1As1ehLqmEpDsRf+lg==}
    engines: {node: '>=20.9.0'}
    cpu: [arm64]
    os: [darwin]

  '@img/sharp-darwin-x64@0.35.5':
    resolution: {integrity: sha512-+BR255RhDlpygUpOc/Jdt1nT6DQ3XG/ERo5wbcdOf5Q320dKtPCKPLR1LJs9VGXRaMa8l1uUa0tkCNOXiAxZUw==}
    engines: {node: '>=20.9.0'}
    cpu: [x64]
    os: [darwin]

  '@img/sharp-freebsd-wasm32@0.35.5':
    resolution: {integrity: sha512-Y/z91nEZ4uIBX5X3nfTovjU9lHNKFYbL2lpHCLVNmXQK03VIZvXBBt0KxbPGp2SdGSF+2mQU4e+hQaWOt86iAw==}
    engines: {node: '>=20.9.0'}
    os: [freebsd]

  '@img/sharp-libvips-darwin-arm64@1.3.4':
    resolution: {integrity: sha512-5R89nBYiRdUlSWJxPhO+GVtaXzXSxKnRu/xqMn3KTA3L9EB9Oy/P+Nn2f2vlhPuUdy/Zusb2DarbyTpGCfEDuw==}
    cpu: [arm64]
    os: [darwin]

  '@img/sharp-libvips-darwin-x64@1.3.4':
    resolution: {integrity: sha512-iR2OKH80yi0U+dUplyh3/xdpFvps6YkCwsXenIJxqxR1v9o+xtKTGbS9H7cps+2Vxjc8B1j96p75NmTGjIhtpQ==}
    cpu: [x64]
    os: [darwin]

  '@img/sharp-libvips-linux-arm64@1.3.4':
    resolution: {integrity: sha512-Y3dgX/6lE2QhQb+Gxy0WZxfg9MEm/JBjamZpS2IklP7xIQoKN4hzAm7KcMVGtaVDt3neE9OKBC7vAfonA/Lr1A==}
    cpu: [arm64]
    os: [linux]
    libc: [glibc]

  '@img/sharp-libvips-linux-arm@1.3.4':
    resolution: {integrity: sha512-LmRtTsOHuvM2+wlO2Db37dx5MiZhB0FvSunciw48YjdOkZz9KAiRbm8ujeMOA1INqmei5NapFxYEK1D1ZSidmw==}
    cpu: [arm]
    os: [linux]
    libc: [glibc]

  '@img/sharp-libvips-linux-ppc64@1.3.4':
    resolution: {integrity: sha512-Le6boB8Tai0Nis+gIxIpKx68UDVVIqdR8Tin5Yf1z2LJJQLDJvCDRqRu+jC2qCoD+eIomonmOwB4smBRxfVpYQ==}
    cpu: [ppc64]
    os: [linux]
    libc: [glibc]

  '@img/sharp-libvips-linux-riscv64@1.3.4':
    resolution: {integrity: sha512-aHkkIEHPRdQEegJN20MLmGtxYD9R2wQr3Cwpddnu5+YKMt6Uzax7S9h5gpZTo8wyrGuZSlfQ63OevL5mTyOC7Q==}
    cpu: [riscv64]
    os: [linux]
    libc: [glibc]

  '@img/sharp-libvips-linux-s390x@1.3.4':
    resolution: {integrity: sha512-ra/mB6MikESDUO7Yg+Mi95bFBb9GsObURuhnOv3OqknjGe9sZrG8tCe9q0xSIGrtLgvgw0gKnFWcK4blSgQOuQ==}
    cpu: [s390x]
    os: [linux]
    libc: [glibc]

  '@img/sharp-libvips-linux-x64@1.3.4':
    resolution: {integrity: sha512-GJ//SSXbnwSDes02umB3nDJLFcQzw8a18V8fyhqr6tV515tOEMdImjjxj1AoafMRz56F3PHgftnj1QEKSU1zkw==}
    cpu: [x64]
    os: [linux]
    libc: [glibc]

  '@img/sharp-libvips-linuxmusl-arm64@1.3.4':
    resolution: {integrity: sha512-hvulFwtjUcagsis6BBxHwGFwWoNZjgYmULGVrZcyfNbjA8hKILbRxGg15/7w5HDyXHXUos/j6baAWqnCyQ2DWA==}
    cpu: [arm64]
    os: [linux]
    libc: [musl]

  '@img/sharp-libvips-linuxmusl-x64@1.3.4':
    resolution: {integrity: sha512-6zXKeE/p39I1AmA3cJG35eyBGNqNddLnUXjhwBnsGjFPWqf5VKkDBEqaEkPDoTEtkxwi2vv8Tcr2mDyP4So7Fg==}
    cpu: [x64]
    os: [linux]
    libc: [musl]

  '@img/sharp-linux-arm64@0.35.5':
    resolution: {integrity: sha512-LYVx5JTsOM2CBzmxreh+nl64/3H6Xb09iSLknqH47z2T2DFFxDeFLP5y4dJwe6H7uGQlHPyEEtIqyo3DYsRwdQ==}
    engines: {node: '>=20.9.0'}
    cpu: [arm64]
    os: [linux]
    libc: [glibc]

  '@img/sharp-linux-arm@0.35.5':
    resolution: {integrity: sha512-LEaXK2WdXVK5ykcw0buWyPMsmLLL2vpHLD6yrNSW+JGEL3BZPA4tpKN6iaMc4AxTTAoaX/sU1rOL51lcIz48ZQ==}
    engines: {node: '>=20.9.0'}
    cpu: [arm]
    os: [linux]
    libc: [glibc]

  '@img/sharp-linux-ppc64@0.35.5':
    resolution: {integrity: sha512-QVxAAq8evVRI9ia2vqgwrmWucn5Dfv+JdWzj75pD8omHLPSP7f8p20O8jxzjCcuCEQEOtYOZUmX1hkiZ0kdevA==}
    engines: {node: '>=20.9.0'}
    cpu: [ppc64]
    os: [linux]
    libc: [glibc]

  '@img/sharp-linux-riscv64@0.35.5':
    resolution: {integrity: sha512-LtdreXguaavKODPIfzJ4kffx7UNt1omwtK0rch4EBbbSTXPnxWmYSayXdLJw0fJzQ97kHt1gL/yh4tvU+nCyRQ==}
    engines: {node: '>=20.9.0'}
    cpu: [riscv64]
    os: [linux]
    libc: [glibc]

  '@img/sharp-linux-s390x@0.35.5':
    resolution: {integrity: sha512-UZasTOFiYzotTsGOCu42BfUzP6Tu6Do/947iRm1RsLKvlllxwGcn4RN27LibGWceix4Y+Pmw3jsnTcCQIgWjqA==}
    engines: {node: '>=20.9.0'}
    cpu: [s390x]
    os: [linux]
    libc: [glibc]

  '@img/sharp-linux-x64@0.35.5':
    resolution: {integrity: sha512-SxFtLTeJInhAA9Q836kux2vZNeOBQEx658qvbboZScr0wIARym3IcGmW7KpVD5sbVg0Ojy+udFQdayYIZyoNog==}
    engines: {node: '>=20.9.0'}
    cpu: [x64]
    os: [linux]
    libc: [glibc]

  '@img/sharp-linuxmusl-arm64@0.35.5':
    resolution: {integrity: sha512-9HbMclmI1zlNkFRs3z9/eBtDjfD0sGlrX1z6b1qwmiFY5ElDLh4BC0LPBdVp7z1DXFiKlIcznf+ZlsuZzLxQqg==}
    engines: {node: '>=20.9.0'}
    cpu: [arm64]
    os: [linux]
    libc: [musl]

  '@img/sharp-linuxmusl-x64@0.35.5':
    resolution: {integrity: sha512-4KOphqB035HrVdqLZfCgMzzERrQkkzOwRhl4OAkRO1YCldbaFjySXMaK534Mo0V+LndnlJk+sbUyLeU0ULyD1A==}
    engines: {node: '>=20.9.0'}
    cpu: [x64]
    os: [linux]
    libc: [musl]

  '@img/sharp-wasm32@0.35.5':
    resolution: {integrity: sha512-Ptsga1su4tQx+LLF1ECS9U6nz5kmrXKo6XVbtR48Ke3ZRxxgaWBu7IDtEe1quo8hiupwm6WFqxVlXaSf7IINGQ==}
    engines: {node: '>=20.9.0'}

  '@img/sharp-webcontainers-wasm32@0.35.5':
    resolution: {integrity: sha512-hfhF/FmoQyTUkA0bIKFOtw536BQSeBMe6BF6QyWlrPxT754+TFLaZ7sKKTfvvM0yJgKgaYTwnFCIZ/GuDw5SUA==}
    engines: {node: '>=20.9.0'}
    cpu: [wasm32]

  '@img/sharp-win32-arm64@0.35.5':
    resolution: {integrity: sha512-X4t7g+7ZA5DKblCBEXGjUqqemj4vczING/5viFwAL8h4N3qYeyjwdCvRLHi4EdOUI+2Z7UFlp1VM+p/AuEtm6Q==}
    engines: {node: '>=20.9.0'}
    cpu: [arm64]
    os: [win32]

  '@img/sharp-win32-ia32@0.35.5':
    resolution: {integrity: sha512-5Zm82LoBc43nhwNybZlG7Y1KO//Zhsn306fQl29ZOuStHLGTo3BWL83q3cznX0poxSAMuYL1On/BHBxkBeKr6A==}
    engines: {node: ^20.9.0}
    cpu: [ia32]
    os: [win32]

  '@img/sharp-win32-x64@0.35.5':
    resolution: {integrity: sha512-x76eH0vEiHlcMQu8Y8IenntaACtddpT6W0wmXtWrnKcnKI7ME5DdgqhAD6SEWOEl1v2zDvkZDhFA9KnURwpfqg==}
    engines: {node: '>=20.9.0'}
    cpu: [x64]
    os: [win32]

  '@next/env@16.4.0-canary.51':
    resolution: {integrity: sha512-NEnQJ37vqfISFhk/oEVP0RS4QgeTVjy/uQK4QPM4bKFZ1EibfoYyCTdlSb0N7h39FN8dTk3X35+AVi6CMvBHEA==}

  '@next/swc-darwin-arm64@16.4.0-canary.51':
    resolution: {integrity: sha512-2eamxgPBakM7VuzlIUu1J0I1zUvsag2nre7su5TyjrVY+bkuFQbx8qmqArv8NNzFEa0A2vovXxazPlMXZUKDwA==}
    engines: {node: '>= 10'}
    cpu: [arm64]
    os: [darwin]

  '@next/swc-darwin-x64@16.4.0-canary.51':
    resolution: {integrity: sha512-3OiaQxXHIN3C8/ukKfxyq71IFPBI7pVEpoOL/lmhzhdJ2jw2D0vDbcpCXRsckww3IGRpWVLE1xMpaF5lMlszZA==}
    engines: {node: '>= 10'}
    cpu: [x64]
    os: [darwin]

  '@next/swc-linux-arm64-gnu@16.4.0-canary.51':
    resolution: {integrity: sha512-xAhh+KvnXB5yVG316buI1+QLSjYQ3IhtgQcZBXj3n+RDZgT0/RTvJ5GYM+QtO4WcDblTWB0j6NipCGES8A4u3A==}
    engines: {node: '>= 10'}
    cpu: [arm64]
    os: [linux]
    libc: [glibc]

  '@next/swc-linux-arm64-musl@16.4.0-canary.51':
    resolution: {integrity: sha512-JxTVFml1NZLJ7ZK4MWDPnTKlINvq0K+V4ciOS2t366bPO3EQRO2/3h4o5Q7KOsLVaQtrriqyzFtvInB7KzYwIA==}
    engines: {node: '>= 10'}
    cpu: [arm64]
    os: [linux]
    libc: [musl]

  '@next/swc-linux-x64-gnu@16.4.0-canary.51':
    resolution: {integrity: sha512-WP9wNp7yGX4LCN+qZaldPcb6a6PKnqvU3yKsURP039Au8Ln6KbwUAfH5MIv82cjfaXycIy+3SaA1jzmnAsrarw==}
    engines: {node: '>= 10'}
    cpu: [x64]
    os: [linux]
    libc: [glibc]

  '@next/swc-linux-x64-musl@16.4.0-canary.51':
    resolution: {integrity: sha512-3q6VjRfJ2CHTxxzFvd0K2izAwmUXdf9pKhJm5j8UB7xJQYXU7lt2XUjJb5Xh2Z7r1oFn7z3gil1Bh+NMrQ6ahA==}
    engines: {node: '>= 10'}
    cpu: [x64]
    os: [linux]
    libc: [musl]

  '@next/swc-win32-arm64-msvc@16.4.0-canary.51':
    resolution: {integrity: sha512-ow7hphRsjrzBOSY0DqeFvPzuBJRYLEbwNm2Wcw1wRSnlCyhQhCl1YiLNVKoe2HNSHJPPBVgqLDdJ8C5CH0MBHg==}
    engines: {node: '>= 10'}
    cpu: [arm64]
    os: [win32]

  '@next/swc-win32-x64-msvc@16.4.0-canary.51':
    resolution: {integrity: sha512-JqiMQk8uKa70oV4UJnS0k3MSe8g6CcJGrlHElvSZg2UVUQTqGLOwvbpQxwSWYgMFA3xrRLs6Uh1jVLx5ue06DA==}
    engines: {node: '>= 10'}
    cpu: [x64]
    os: [win32]

  '@swc/helpers@0.5.23':
    resolution: {integrity: sha512-5lSsMOTXURePglDfvuAQUqkGek9Hg2kksOYay2m0+XR++b2NWYL/4sWyuvVBIs8oKnJaxkdi9whaL/sqN13afw==}

  '@types/node@26.1.0':
    resolution: {integrity: sha512-O0A1G3xPGy4w7AgQdAQYUlQ+BKk2Oovw8eRpofyp5KdBZULnbe+WqaOVNrm705SHphCiG4XHsACrSmPu1f+Kgw==}

  '@types/react-dom@19.2.1':
    resolution: {integrity: sha512-/EEvYBdT3BflCWvTMO7YkYBHVE9Ci6XdqZciZANQgKpaiDRGOLIlRo91jbTNRQjgPFWVaRxcYc0luVNFitz57A==}
    peerDependencies:
      '@types/react': ^19.2.0

  '@types/react@19.2.2':
    resolution: {integrity: sha512-6mDvHUFSjyT2B2yeNx2nUgMxh9LtOWvkhIU3uePn2I2oyNymUAX1NIsdgviM4CH+JSrp2D2hsMvJOkxY+0wNRA==}

  baseline-browser-mapping@2.11.26:
    resolution: {integrity: sha512-GLQdD3y6UF8iVuMJl5fHgE4jdn/ua7n+toKfLgNlg3BqQtOZjpy68T8Tup8/wGWZCDlm7KMg7tPb4MPn7oN0TQ==}
    engines: {node: '>=6.0.0'}
    hasBin: true

  caniuse-lite@1.0.30001812:
    resolution: {integrity: sha512-qN+QNNBr93TCmFrmte0bBCjSDMuRvt78VlHT99qIGPszm4QsqCX8lnyWUFkHi8B7ZBAPq8SH+UqyXNy/odMdng==}

  client-only@0.0.1:
    resolution: {integrity: sha512-IV3Ou0jSMzZrd3pZ48nLkT9DA7Ag1pnPzaiQhpW7c3RbcqqzvzzVu+L8gfqMp/8IM2MQtSiqaCxrrcfu8I8rMA==}

  csstype@3.2.3:
    resolution: {integrity: sha512-z1HGKcYy2xA8AGQfwrn0PAy+PB7X/GSj3UVJW9qKyn43xWa+gl5nXmU4qqLMRzWVLFC8KusUX8T/0kCiOYpAIQ==}

  detect-libc@2.1.2:
    resolution: {integrity: sha512-Btj2BOOO83o3WyH59e8MgXsxEQVcarkUOpEYrubB0urwnN10yQ364rsiByU11nZlqWYZm05i/of7io4mzihBtQ==}
    engines: {node: '>=8'}

  nanoid@3.3.19:
    resolution: {integrity: sha512-Y2tUNy4ouw6tq5oDSKeQYGOyhkUBhNOcGV/02KC+6kd9eDGqdZd++mjMiIDilrBYvjEnCYvVtsuHCuP+okSfug==}
    engines: {node: ^10 || ^12 || ^13.7 || ^14 || >=15.0.1}
    hasBin: true

  next@16.4.0-canary.51:
    resolution: {integrity: sha512-686ATxDSup7om28KzIk3ArgaxHoANY6rR+NmkHXID+ElZsHgu52tXFo6yuuURqXzwBFWl8G9P/Q+ti0uPhBntQ==}
    engines: {node: '>=20.9.0'}
    hasBin: true
    peerDependencies:
      '@opentelemetry/api': ^1.1.0
      '@playwright/test': ^1.51.1
      babel-plugin-react-compiler: '*'
      react: ^18.2.0 || 19.0.0-rc-de68d2f4-20241204 || ^19.0.0
      react-dom: ^18.2.0 || 19.0.0-rc-de68d2f4-20241204 || ^19.0.0
      sass: ^1.3.0
    peerDependenciesMeta:
      '@opentelemetry/api':
        optional: true
      '@playwright/test':
        optional: true
      babel-plugin-react-compiler:
        optional: true
      sass:
        optional: true

  picocolors@1.1.1:
    resolution: {integrity: sha512-xceH2snhtb5M9liqDsmEw56le376mTZkEX/jEb/RxNFyegNul7eNslCXP9FDj/Lcu0X8KEyMceP2ntpaHrDEVA==}

  postcss@8.5.23:
    resolution: {integrity: sha512-g50586zr4bZmwFiTlflMu8E0bDTb5I5gertgwAKmsdUlTQIhZtunzUlD1WSzwcVWPoAVpsrA6vlfCD7oXvRwgg==}
    engines: {node: ^10 || ^12 || >=14}

  react-dom@19.3.0-canary-fef12a01-20260413:
    resolution: {integrity: sha512-p54k3/9xj+yM0pBA0JBmrMSngfkFrmI2HrNJ0OKSwNxofh4XORGHpVLHQBelAUX7q/LQeoikA1z2BVknzhIGtw==}
    peerDependencies:
      react: 19.3.0-canary-fef12a01-20260413

  react@19.3.0-canary-fef12a01-20260413:
    resolution: {integrity: sha512-M9RtWF/KiutUtmfGWBcOkCsZ+w2Ty9HJuIajFkBI+qDOeT8gO7B8lQyuXpDjOTtqwRvFuO11kd/3B5zsyYsOCQ==}
    engines: {node: '>=0.10.0'}

  scheduler@0.28.0-canary-fef12a01-20260413:
    resolution: {integrity: sha512-7JTRTnWnDobqAgmiIGfRvAw+qH15j0MG4oxTd9tROdab5FeiFK5lxtSbKYkEEOzt0jgdm3KxqzdKRo/Qf1izcA==}

  semver@7.8.5:
    resolution: {integrity: sha512-Y7/KDsb8LjooZpwaqGyulO6DQlksgCncchHGk+sZIY4SBvUocMBEFH5Ur1fI4dV+Jvl0w6cjvucaIi40puRioA==}
    engines: {node: '>=10'}
    hasBin: true

  sharp@0.35.5:
    resolution: {integrity: sha512-Ywn4OnzGukp7CDMrp08RQ50YKmuwG47brZgIVPTvBaaAfQlRlygrRqSrxdCiL9M+LlzLBiJ68IR1QqvzHyjC7g==}
    engines: {node: '>=20.9.0'}
    peerDependencies:
      '@types/node': '*'
    peerDependenciesMeta:
      '@types/node':
        optional: true

  source-map-js@1.2.1:
    resolution: {integrity: sha512-UXWMKhLOwVKb728IUtQPXxfYU+usdybtUrK/8uGE8CQMvrhOpwvzDBwj0QhSL7MQc7vIsISBG8VQ8+IDQxpfQA==}
    engines: {node: '>=0.10.0'}

  styled-jsx@5.1.6:
    resolution: {integrity: sha512-qSVyDTeMotdvQYoHWLNGwRFJHC+i+ZvdBRYosOFgC+Wg1vx4frN2/RG/NA7SYqqvKNLf39P2LSRA2pu6n0XYZA==}
    engines: {node: '>= 12.0.0'}
    peerDependencies:
      '@babel/core': '*'
      babel-plugin-macros: '*'
      react: '>= 16.8.0 || 17.x.x || ^18.0.0-0 || ^19.0.0-0'
    peerDependenciesMeta:
      '@babel/core':
        optional: true
      babel-plugin-macros:
        optional: true

  tslib@2.8.1:
    resolution: {integrity: sha512-oJFu94HQb+KVduSUQL7wnpmqnfmLsOA/nAh6b6EH0wCEoK0/mPeXU6c3wKDV83MkOuHPRHtSXKKU99IBazS/2w==}

  typescript@6.0.3:
    resolution: {integrity: sha512-y2TvuxSZPDyQakkFRPZHKFm+KKVqIisdg9/CZwm9ftvKXLP8NRWj38/ODjNbr43SsoXqNuAisEf1GdCxqWcdBw==}
    engines: {node: '>=14.17'}
    hasBin: true

  undici-types@8.3.0:
    resolution: {integrity: sha512-j375ScV60dom+YkPFIfTLcOiPxkN/buHz5GobjLhixFuANaNs3C9l4GmrWqejgXWJ7BbJcFYpTEUkS1Ge8bpZQ==}

snapshots:

  '@emnapi/runtime@1.11.3':
    dependencies:
      tslib: 2.8.1
    optional: true

  '@img/colour@1.1.0':
    optional: true

  '@img/sharp-darwin-arm64@0.35.5':
    optionalDependencies:
      '@img/sharp-libvips-darwin-arm64': 1.3.4
    optional: true

  '@img/sharp-darwin-x64@0.35.5':
    optionalDependencies:
      '@img/sharp-libvips-darwin-x64': 1.3.4
    optional: true

  '@img/sharp-freebsd-wasm32@0.35.5':
    dependencies:
      '@img/sharp-wasm32': 0.35.5
    optional: true

  '@img/sharp-libvips-darwin-arm64@1.3.4':
    optional: true

  '@img/sharp-libvips-darwin-x64@1.3.4':
    optional: true

  '@img/sharp-libvips-linux-arm64@1.3.4':
    optional: true

  '@img/sharp-libvips-linux-arm@1.3.4':
    optional: true

  '@img/sharp-libvips-linux-ppc64@1.3.4':
    optional: true

  '@img/sharp-libvips-linux-riscv64@1.3.4':
    optional: true

  '@img/sharp-libvips-linux-s390x@1.3.4':
    optional: true

  '@img/sharp-libvips-linux-x64@1.3.4':
    optional: true

  '@img/sharp-libvips-linuxmusl-arm64@1.3.4':
    optional: true

  '@img/sharp-libvips-linuxmusl-x64@1.3.4':
    optional: true

  '@img/sharp-linux-arm64@0.35.5':
    optionalDependencies:
      '@img/sharp-libvips-linux-arm64': 1.3.4
    optional: true

  '@img/sharp-linux-arm@0.35.5':
    optionalDependencies:
      '@img/sharp-libvips-linux-arm': 1.3.4
    optional: true

  '@img/sharp-linux-ppc64@0.35.5':
    optionalDependencies:
      '@img/sharp-libvips-linux-ppc64': 1.3.4
    optional: true

  '@img/sharp-linux-riscv64@0.35.5':
    optionalDependencies:
      '@img/sharp-libvips-linux-riscv64': 1.3.4
    optional: true

  '@img/sharp-linux-s390x@0.35.5':
    optionalDependencies:
      '@img/sharp-libvips-linux-s390x': 1.3.4
    optional: true

  '@img/sharp-linux-x64@0.35.5':
    optionalDependencies:
      '@img/sharp-libvips-linux-x64': 1.3.4
    optional: true

  '@img/sharp-linuxmusl-arm64@0.35.5':
    optionalDependencies:
      '@img/sharp-libvips-linuxmusl-arm64': 1.3.4
    optional: true

  '@img/sharp-linuxmusl-x64@0.35.5':
    optionalDependencies:
      '@img/sharp-libvips-linuxmusl-x64': 1.3.4
    optional: true

  '@img/sharp-wasm32@0.35.5':
    dependencies:
      '@emnapi/runtime': 1.11.3
    optional: true

  '@img/sharp-webcontainers-wasm32@0.35.5':
    dependencies:
      '@img/sharp-wasm32': 0.35.5
    optional: true

  '@img/sharp-win32-arm64@0.35.5':
    optional: true

  '@img/sharp-win32-ia32@0.35.5':
    optional: true

  '@img/sharp-win32-x64@0.35.5':
    optional: true

  '@next/env@16.4.0-canary.51': {}

  '@next/swc-darwin-arm64@16.4.0-canary.51':
    optional: true

  '@next/swc-darwin-x64@16.4.0-canary.51':
    optional: true

  '@next/swc-linux-arm64-gnu@16.4.0-canary.51':
    optional: true

  '@next/swc-linux-arm64-musl@16.4.0-canary.51':
    optional: true

  '@next/swc-linux-x64-gnu@16.4.0-canary.51':
    optional: true

  '@next/swc-linux-x64-musl@16.4.0-canary.51':
    optional: true

  '@next/swc-win32-arm64-msvc@16.4.0-canary.51':
    optional: true

  '@next/swc-win32-x64-msvc@16.4.0-canary.51':
    optional: true

  '@swc/helpers@0.5.23':
    dependencies:
      tslib: 2.8.1

  '@types/node@26.1.0':
    dependencies:
      undici-types: 8.3.0

  '@types/react-dom@19.2.1(@types/react@19.2.2)':
    dependencies:
      '@types/react': 19.2.2

  '@types/react@19.2.2':
    dependencies:
      csstype: 3.2.3

  baseline-browser-mapping@2.11.26: {}

  caniuse-lite@1.0.30001812: {}

  client-only@0.0.1: {}

  csstype@3.2.3: {}

  detect-libc@2.1.2:
    optional: true

  nanoid@3.3.19: {}

  next@16.4.0-canary.51(@types/node@26.1.0)(react-dom@19.3.0-canary-fef12a01-20260413(react@19.3.0-canary-fef12a01-20260413))(react@19.3.0-canary-fef12a01-20260413):
    dependencies:
      '@next/env': 16.4.0-canary.51
      '@swc/helpers': 0.5.23
      baseline-browser-mapping: 2.11.26
      caniuse-lite: 1.0.30001812
      postcss: 8.5.23
      react: 19.3.0-canary-fef12a01-20260413
      react-dom: 19.3.0-canary-fef12a01-20260413(react@19.3.0-canary-fef12a01-20260413)
      styled-jsx: 5.1.6(react@19.3.0-canary-fef12a01-20260413)
    optionalDependencies:
      '@next/swc-darwin-arm64': 16.4.0-canary.51
      '@next/swc-darwin-x64': 16.4.0-canary.51
      '@next/swc-linux-arm64-gnu': 16.4.0-canary.51
      '@next/swc-linux-arm64-musl': 16.4.0-canary.51
      '@next/swc-linux-x64-gnu': 16.4.0-canary.51
      '@next/swc-linux-x64-musl': 16.4.0-canary.51
      '@next/swc-win32-arm64-msvc': 16.4.0-canary.51
      '@next/swc-win32-x64-msvc': 16.4.0-canary.51
      sharp: 0.35.5(@types/node@26.1.0)
    transitivePeerDependencies:
      - '@babel/core'
      - '@types/node'
      - babel-plugin-macros

  picocolors@1.1.1: {}

  postcss@8.5.23:
    dependencies:
      nanoid: 3.3.19
      picocolors: 1.1.1
      source-map-js: 1.2.1

  react-dom@19.3.0-canary-fef12a01-20260413(react@19.3.0-canary-fef12a01-20260413):
    dependencies:
      react: 19.3.0-canary-fef12a01-20260413
      scheduler: 0.28.0-canary-fef12a01-20260413

  react@19.3.0-canary-fef12a01-20260413: {}

  scheduler@0.28.0-canary-fef12a01-20260413: {}

  semver@7.8.5:
    optional: true

  sharp@0.35.5(@types/node@26.1.0):
    dependencies:
      '@img/colour': 1.1.0
      detect-libc: 2.1.2
      semver: 7.8.5
    optionalDependencies:
      '@img/sharp-darwin-arm64': 0.35.5
      '@img/sharp-darwin-x64': 0.35.5
      '@img/sharp-freebsd-wasm32': 0.35.5
      '@img/sharp-libvips-darwin-arm64': 1.3.4
      '@img/sharp-libvips-darwin-x64': 1.3.4
      '@img/sharp-libvips-linux-arm': 1.3.4
      '@img/sharp-libvips-linux-arm64': 1.3.4
      '@img/sharp-libvips-linux-ppc64': 1.3.4
      '@img/sharp-libvips-linux-riscv64': 1.3.4
      '@img/sharp-libvips-linux-s390x': 1.3.4
      '@img/sharp-libvips-linux-x64': 1.3.4
      '@img/sharp-libvips-linuxmusl-arm64': 1.3.4
      '@img/sharp-libvips-linuxmusl-x64': 1.3.4
      '@img/sharp-linux-arm': 0.35.5
      '@img/sharp-linux-arm64': 0.35.5
      '@img/sharp-linux-ppc64': 0.35.5
      '@img/sharp-linux-riscv64': 0.35.5
      '@img/sharp-linux-s390x': 0.35.5
      '@img/sharp-linux-x64': 0.35.5
      '@img/sharp-linuxmusl-arm64': 0.35.5
      '@img/sharp-linuxmusl-x64': 0.35.5
      '@img/sharp-webcontainers-wasm32': 0.35.5
      '@img/sharp-win32-arm64': 0.35.5
      '@img/sharp-win32-ia32': 0.35.5
      '@img/sharp-win32-x64': 0.35.5
      '@types/node': 26.1.0
    optional: true

  source-map-js@1.2.1: {}

  styled-jsx@5.1.6(react@19.3.0-canary-fef12a01-20260413):
    dependencies:
      client-only: 0.0.1
      react: 19.3.0-canary-fef12a01-20260413

  tslib@2.8.1: {}

  typescript@6.0.3: {}

  undici-types@8.3.0: {}
