lockfileVersion: '9.0'

settings:
  autoInstallPeers: true
  excludeLinksFromLockfile: false

importers:

  .:
    dependencies:
      '@next/rspack-binding':
        specifier: workspace:*
        version: link:crates/binding
      '@rspack/core':
        specifier: 1.5.0
        version: 1.5.0

  crates/binding:
    devDependencies:
      '@napi-rs/cli':
        specifier: 3.0.1
        version: 3.0.1(@emnapi/runtime@1.4.5)(@types/node@24.3.0)
      '@types/node':
        specifier: ^24.0.12
        version: 24.3.0
      typescript:
        specifier: ^5.8.3
        version: 5.9.2

packages:

  '@emnapi/core@1.4.5':
    resolution: {integrity: sha512-XsLw1dEOpkSX/WucdqUhPWP7hDxSvZiY+fsUC14h+FtQ2Ifni4znbBt8punRX+Uj2JG/uDb8nEHVKvrVlvdZ5Q==}

  '@emnapi/runtime@1.4.5':
    resolution: {integrity: sha512-++LApOtY0pEEz1zrd9vy1/zXVaVJJ/EbAF3u0fXIzPJEDtnITsBGbbK0EkM72amhl/R5b+5xx0Y/QhcVOpuulg==}

  '@emnapi/wasi-threads@1.0.4':
    resolution: {integrity: sha512-PJR+bOmMOPH8AtcTGAyYNiuJ3/Fcoj2XN/gBEWzDIKh254XO+mM9XoXHk5GNEhodxeMznbg7BlRojVbKN+gC6g==}

  '@inquirer/checkbox@4.2.2':
    resolution: {integrity: sha512-E+KExNurKcUJJdxmjglTl141EwxWyAHplvsYJQgSwXf8qiNWkTxTuCCqmhFEmbIXd4zLaGMfQFJ6WrZ7fSeV3g==}
    engines: {node: '>=18'}
    peerDependencies:
      '@types/node': '>=18'
    peerDependenciesMeta:
      '@types/node':
        optional: true

  '@inquirer/confirm@5.1.16':
    resolution: {integrity: sha512-j1a5VstaK5KQy8Mu8cHmuQvN1Zc62TbLhjJxwHvKPPKEoowSF6h/0UdOpA9DNdWZ+9Inq73+puRq1df6OJ8Sag==}
    engines: {node: '>=18'}
    peerDependencies:
      '@types/node': '>=18'
    peerDependenciesMeta:
      '@types/node':
        optional: true

  '@inquirer/core@10.2.0':
    resolution: {integrity: sha512-NyDSjPqhSvpZEMZrLCYUquWNl+XC/moEcVFqS55IEYIYsY0a1cUCevSqk7ctOlnm/RaSBU5psFryNlxcmGrjaA==}
    engines: {node: '>=18'}
    peerDependencies:
      '@types/node': '>=18'
    peerDependenciesMeta:
      '@types/node':
        optional: true

  '@inquirer/editor@4.2.18':
    resolution: {integrity: sha512-yeQN3AXjCm7+Hmq5L6Dm2wEDeBRdAZuyZ4I7tWSSanbxDzqM0KqzoDbKM7p4ebllAYdoQuPJS6N71/3L281i6w==}
    engines: {node: '>=18'}
    peerDependencies:
      '@types/node': '>=18'
    peerDependenciesMeta:
      '@types/node':
        optional: true

  '@inquirer/expand@4.0.18':
    resolution: {integrity: sha512-xUjteYtavH7HwDMzq4Cn2X4Qsh5NozoDHCJTdoXg9HfZ4w3R6mxV1B9tL7DGJX2eq/zqtsFjhm0/RJIMGlh3ag==}
    engines: {node: '>=18'}
    peerDependencies:
      '@types/node': '>=18'
    peerDependenciesMeta:
      '@types/node':
        optional: true

  '@inquirer/external-editor@1.0.1':
    resolution: {integrity: sha512-Oau4yL24d2B5IL4ma4UpbQigkVhzPDXLoqy1ggK4gnHg/stmkffJE4oOXHXF3uz0UEpywG68KcyXsyYpA1Re/Q==}
    engines: {node: '>=18'}
    peerDependencies:
      '@types/node': '>=18'
    peerDependenciesMeta:
      '@types/node':
        optional: true

  '@inquirer/figures@1.0.13':
    resolution: {integrity: sha512-lGPVU3yO9ZNqA7vTYz26jny41lE7yoQansmqdMLBEfqaGsmdg7V3W9mK9Pvb5IL4EVZ9GnSDGMO/cJXud5dMaw==}
    engines: {node: '>=18'}

  '@inquirer/input@4.2.2':
    resolution: {integrity: sha512-hqOvBZj/MhQCpHUuD3MVq18SSoDNHy7wEnQ8mtvs71K8OPZVXJinOzcvQna33dNYLYE4LkA9BlhAhK6MJcsVbw==}
    engines: {node: '>=18'}
    peerDependencies:
      '@types/node': '>=18'
    peerDependenciesMeta:
      '@types/node':
        optional: true

  '@inquirer/number@3.0.18':
    resolution: {integrity: sha512-7exgBm52WXZRczsydCVftozFTrrwbG5ySE0GqUd2zLNSBXyIucs2Wnm7ZKLe/aUu6NUg9dg7Q80QIHCdZJiY4A==}
    engines: {node: '>=18'}
    peerDependencies:
      '@types/node': '>=18'
    peerDependenciesMeta:
      '@types/node':
        optional: true

  '@inquirer/password@4.0.18':
    resolution: {integrity: sha512-zXvzAGxPQTNk/SbT3carAD4Iqi6A2JS2qtcqQjsL22uvD+JfQzUrDEtPjLL7PLn8zlSNyPdY02IiQjzoL9TStA==}
    engines: {node: '>=18'}
    peerDependencies:
      '@types/node': '>=18'
    peerDependenciesMeta:
      '@types/node':
        optional: true

  '@inquirer/prompts@7.8.4':
    resolution: {integrity: sha512-MuxVZ1en1g5oGamXV3DWP89GEkdD54alcfhHd7InUW5BifAdKQEK9SLFa/5hlWbvuhMPlobF0WAx7Okq988Jxg==}
    engines: {node: '>=18'}
    peerDependencies:
      '@types/node': '>=18'
    peerDependenciesMeta:
      '@types/node':
        optional: true

  '@inquirer/rawlist@4.1.6':
    resolution: {integrity: sha512-KOZqa3QNr3f0pMnufzL7K+nweFFCCBs6LCXZzXDrVGTyssjLeudn5ySktZYv1XiSqobyHRYYK0c6QsOxJEhXKA==}
    engines: {node: '>=18'}
    peerDependencies:
      '@types/node': '>=18'
    peerDependenciesMeta:
      '@types/node':
        optional: true

  '@inquirer/search@3.1.1':
    resolution: {integrity: sha512-TkMUY+A2p2EYVY3GCTItYGvqT6LiLzHBnqsU1rJbrpXUijFfM6zvUx0R4civofVwFCmJZcKqOVwwWAjplKkhxA==}
    engines: {node: '>=18'}
    peerDependencies:
      '@types/node': '>=18'
    peerDependenciesMeta:
      '@types/node':
        optional: true

  '@inquirer/select@4.3.2':
    resolution: {integrity: sha512-nwous24r31M+WyDEHV+qckXkepvihxhnyIaod2MG7eCE6G0Zm/HUF6jgN8GXgf4U7AU6SLseKdanY195cwvU6w==}
    engines: {node: '>=18'}
    peerDependencies:
      '@types/node': '>=18'
    peerDependenciesMeta:
      '@types/node':
        optional: true

  '@inquirer/type@3.0.8':
    resolution: {integrity: sha512-lg9Whz8onIHRthWaN1Q9EGLa/0LFJjyM8mEUbL1eTi6yMGvBf8gvyDLtxSXztQsxMvhxxNpJYrwa1YHdq+w4Jw==}
    engines: {node: '>=18'}
    peerDependencies:
      '@types/node': '>=18'
    peerDependenciesMeta:
      '@types/node':
        optional: true

  '@module-federation/error-codes@0.18.0':
    resolution: {integrity: sha512-Woonm8ehyVIUPXChmbu80Zj6uJkC0dD9SJUZ/wOPtO8iiz/m+dkrOugAuKgoiR6qH4F+yorWila954tBz4uKsQ==}

  '@module-federation/runtime-core@0.18.0':
    resolution: {integrity: sha512-ZyYhrDyVAhUzriOsVfgL6vwd+5ebYm595Y13KeMf6TKDRoUHBMTLGQ8WM4TDj8JNsy7LigncK8C03fn97of0QQ==}

  '@module-federation/runtime-tools@0.18.0':
    resolution: {integrity: sha512-fSga9o4t1UfXNV/Kh6qFvRyZpPp3EHSPRISNeyT8ZoTpzDNiYzhtw0BPUSSD8m6C6XQh2s/11rI4g80UY+d+hA==}

  '@module-federation/runtime@0.18.0':
    resolution: {integrity: sha512-+C4YtoSztM7nHwNyZl6dQKGUVJdsPrUdaf3HIKReg/GQbrt9uvOlUWo2NXMZ8vDAnf/QRrpSYAwXHmWDn9Obaw==}

  '@module-federation/sdk@0.18.0':
    resolution: {integrity: sha512-Lo/Feq73tO2unjmpRfyyoUkTVoejhItXOk/h5C+4cistnHbTV8XHrW/13fD5e1Iu60heVdAhhelJd6F898Ve9A==}

  '@module-federation/webpack-bundler-runtime@0.18.0':
    resolution: {integrity: sha512-TEvErbF+YQ+6IFimhUYKK3a5wapD90d90sLsNpcu2kB3QGT7t4nIluE25duXuZDVUKLz86tEPrza/oaaCWTpvQ==}

  '@napi-rs/cli@3.0.1':
    resolution: {integrity: sha512-rO2aDZRzqs0bCPUpfaExKjK0L999FvT3iQK3f1NfnKa1njlaHqO7XK/mUzxn9pnrTglfyFixU4+S3SzzTaaKNA==}
    engines: {node: '>= 16'}
    hasBin: true
    peerDependencies:
      '@emnapi/runtime': ^1.1.0
      emnapi: ^1.1.0
    peerDependenciesMeta:
      '@emnapi/runtime':
        optional: true
      emnapi:
        optional: true

  '@napi-rs/cross-toolchain@0.0.19':
    resolution: {integrity: sha512-StHXqYANdTaMFqJJ3JXHqKQMylOzOJPcrOCd9Nt2NIGfvfaXK3SzpmNfkJimkOAYfTsfpfuRERsML0bUZCpHBQ==}
    peerDependencies:
      '@napi-rs/cross-toolchain-arm64-target-aarch64': ^0.0.19
      '@napi-rs/cross-toolchain-arm64-target-armv7': ^0.0.19
      '@napi-rs/cross-toolchain-arm64-target-x86_64': ^0.0.19
      '@napi-rs/cross-toolchain-x64-target-aarch64': ^0.0.19
      '@napi-rs/cross-toolchain-x64-target-armv7': ^0.0.19
      '@napi-rs/cross-toolchain-x64-target-x86_64': ^0.0.19
    peerDependenciesMeta:
      '@napi-rs/cross-toolchain-arm64-target-aarch64':
        optional: true
      '@napi-rs/cross-toolchain-arm64-target-armv7':
        optional: true
      '@napi-rs/cross-toolchain-arm64-target-x86_64':
        optional: true
      '@napi-rs/cross-toolchain-x64-target-aarch64':
        optional: true
      '@napi-rs/cross-toolchain-x64-target-armv7':
        optional: true
      '@napi-rs/cross-toolchain-x64-target-x86_64':
        optional: true

  '@napi-rs/lzma-android-arm-eabi@1.4.5':
    resolution: {integrity: sha512-Up4gpyw2SacmyKWWEib06GhiDdF+H+CCU0LAV8pnM4aJIDqKKd5LHSlBht83Jut6frkB0vwEPmAkv4NjQ5u//Q==}
    engines: {node: '>= 10'}
    cpu: [arm]
    os: [android]

  '@napi-rs/lzma-android-arm64@1.4.5':
    resolution: {integrity: sha512-uwa8sLlWEzkAM0MWyoZJg0JTD3BkPknvejAFG2acUA1raXM8jLrqujWCdOStisXhqQjZ2nDMp3FV6cs//zjfuQ==}
    engines: {node: '>= 10'}
    cpu: [arm64]
    os: [android]

  '@napi-rs/lzma-darwin-arm64@1.4.5':
    resolution: {integrity: sha512-0Y0TQLQ2xAjVabrMDem1NhIssOZzF/y/dqetc6OT8mD3xMTDtF8u5BqZoX3MyPc9FzpsZw4ksol+w7DsxHrpMA==}
    engines: {node: '>= 10'}
    cpu: [arm64]
    os: [darwin]

  '@napi-rs/lzma-darwin-x64@1.4.5':
    resolution: {integrity: sha512-vR2IUyJY3En+V1wJkwmbGWcYiT8pHloTAWdW4pG24+51GIq+intst6Uf6D/r46citObGZrlX0QvMarOkQeHWpw==}
    engines: {node: '>= 10'}
    cpu: [x64]
    os: [darwin]

  '@napi-rs/lzma-freebsd-x64@1.4.5':
    resolution: {integrity: sha512-XpnYQC5SVovO35tF0xGkbHYjsS6kqyNCjuaLQ2dbEblFRr5cAZVvsJ/9h7zj/5FluJPJRDojVNxGyRhTp4z2lw==}
    engines: {node: '>= 10'}
    cpu: [x64]
    os: [freebsd]

  '@napi-rs/lzma-linux-arm-gnueabihf@1.4.5':
    resolution: {integrity: sha512-ic1ZZMoRfRMwtSwxkyw4zIlbDZGC6davC9r+2oX6x9QiF247BRqqT94qGeL5ZP4Vtz0Hyy7TEViWhx5j6Bpzvw==}
    engines: {node: '>= 10'}
    cpu: [arm]
    os: [linux]

  '@napi-rs/lzma-linux-arm64-gnu@1.4.5':
    resolution: {integrity: sha512-asEp7FPd7C1Yi6DQb45a3KPHKOFBSfGuJWXcAd4/bL2Fjetb2n/KK2z14yfW8YC/Fv6x3rBM0VAZKmJuz4tysg==}
    engines: {node: '>= 10'}
    cpu: [arm64]
    os: [linux]

  '@napi-rs/lzma-linux-arm64-musl@1.4.5':
    resolution: {integrity: sha512-yWjcPDgJ2nIL3KNvi4536dlT/CcCWO0DUyEOlBs/SacG7BeD6IjGh6yYzd3/X1Y3JItCbZoDoLUH8iB1lTXo3w==}
    engines: {node: '>= 10'}
    cpu: [arm64]
    os: [linux]

  '@napi-rs/lzma-linux-ppc64-gnu@1.4.5':
    resolution: {integrity: sha512-0XRhKuIU/9ZjT4WDIG/qnX7Xz7mSQHYZo9Gb3MP2gcvBgr6BA4zywQ9k3gmQaPn9ECE+CZg2V7DV7kT+x2pUMQ==}
    engines: {node: '>= 10'}
    cpu: [ppc64]
    os: [linux]

  '@napi-rs/lzma-linux-riscv64-gnu@1.4.5':
    resolution: {integrity: sha512-QrqDIPEUUB23GCpyQj/QFyMlr8SGxxyExeZz9OWFnHfb70kXdTLWrHS/hEI1Ru+lSbQ/6xRqeoGyQ4Aqdg+/RA==}
    engines: {node: '>= 10'}
    cpu: [riscv64]
    os: [linux]

  '@napi-rs/lzma-linux-s390x-gnu@1.4.5':
    resolution: {integrity: sha512-k8RVM5aMhW86E9H0QXdquwojew4H3SwPxbRVbl49/COJQWCUjGi79X6mYruMnMPEznZinUiT1jgKbFo2A00NdA==}
    engines: {node: '>= 10'}
    cpu: [s390x]
    os: [linux]

  '@napi-rs/lzma-linux-x64-gnu@1.4.5':
    resolution: {integrity: sha512-6rMtBgnIq2Wcl1rQdZsnM+rtCcVCbws1nF8S2NzaUsVaZv8bjrPiAa0lwg4Eqnn1d9lgwqT+cZgm5m+//K08Kw==}
    engines: {node: '>= 10'}
    cpu: [x64]
    os: [linux]

  '@napi-rs/lzma-linux-x64-musl@1.4.5':
    resolution: {integrity: sha512-eiadGBKi7Vd0bCArBUOO/qqRYPHt/VQVvGyYvDFt6C2ZSIjlD+HuOl+2oS1sjf4CFjK4eDIog6EdXnL0NE6iyQ==}
    engines: {node: '>= 10'}
    cpu: [x64]
    os: [linux]

  '@napi-rs/lzma-wasm32-wasi@1.4.5':
    resolution: {integrity: sha512-+VyHHlr68dvey6fXc2hehw9gHVFIW3TtGF1XkcbAu65qVXsA9D/T+uuoRVqhE+JCyFHFrO0ixRbZDRK1XJt1sA==}
    engines: {node: '>=14.0.0'}
    cpu: [wasm32]

  '@napi-rs/lzma-win32-arm64-msvc@1.4.5':
    resolution: {integrity: sha512-eewnqvIyyhHi3KaZtBOJXohLvwwN27gfS2G/YDWdfHlbz1jrmfeHAmzMsP5qv8vGB+T80TMHNkro4kYjeh6Deg==}
    engines: {node: '>= 10'}
    cpu: [arm64]
    os: [win32]

  '@napi-rs/lzma-win32-ia32-msvc@1.4.5':
    resolution: {integrity: sha512-OeacFVRCJOKNU/a0ephUfYZ2Yt+NvaHze/4TgOwJ0J0P4P7X1mHzN+ig9Iyd74aQDXYqc7kaCXA2dpAOcH87Cg==}
    engines: {node: '>= 10'}
    cpu: [ia32]
    os: [win32]

  '@napi-rs/lzma-win32-x64-msvc@1.4.5':
    resolution: {integrity: sha512-T4I1SamdSmtyZgDXGAGP+y5LEK5vxHUFwe8mz6D4R7Sa5/WCxTcCIgPJ9BD7RkpO17lzhlaM2vmVvMy96Lvk9Q==}
    engines: {node: '>= 10'}
    cpu: [x64]
    os: [win32]

  '@napi-rs/lzma@1.4.5':
    resolution: {integrity: sha512-zS5LuN1OBPAyZpda2ZZgYOEDC+xecUdAGnrvbYzjnLXkrq/OBC3B9qcRvlxbDR3k5H/gVfvef1/jyUqPknqjbg==}
    engines: {node: '>= 10'}

  '@napi-rs/tar-android-arm-eabi@0.1.5':
    resolution: {integrity: sha512-FM2qNG3ELeYibnZC8dfsCV4i/pql1nlLKVINfRC7TSwqFfgj5gbezZ0rT8gRPHbLyslVt6m4MPZfRE8Uj/MuCA==}
    engines: {node: '>= 10'}
    cpu: [arm]
    os: [android]

  '@napi-rs/tar-android-arm64@0.1.5':
    resolution: {integrity: sha512-OpP0QyD+K0a68nqyko793lLWiC2BN1wWF/Doatus1OCKxgj61vtrUPVO2cQGQS5i07I/+YGRF8lD0tQDrk4JDQ==}
    engines: {node: '>= 10'}
    cpu: [arm64]
    os: [android]

  '@napi-rs/tar-darwin-arm64@0.1.5':
    resolution: {integrity: sha512-sfyM/9gxFabdMTFt4quvLJuKbXS6StGIUf7Cp3l8aV2WqCURJevdpN6wW8XtGBo/iSnAP52ERwMRdyIavPYruw==}
    engines: {node: '>= 10'}
    cpu: [arm64]
    os: [darwin]

  '@napi-rs/tar-darwin-x64@0.1.5':
    resolution: {integrity: sha512-NtY8bADKE/3ODBM3hW/RgPeeERJpI6/jgipT3eLJ/CQWY1VJ6t9GHR7anJKhx1oxVdmSfqfCGMolM8WPV9x9bw==}
    engines: {node: '>= 10'}
    cpu: [x64]
    os: [darwin]

  '@napi-rs/tar-freebsd-x64@0.1.5':
    resolution: {integrity: sha512-azl0nWrDJAGg25cGVKEY7UtU5ABGz4sQASKvemDLwGbzMDtkJgCoPb+OunI1pezijRAyhiuZEQ4jK8S1qNAWCg==}
    engines: {node: '>= 10'}
    cpu: [x64]
    os: [freebsd]

  '@napi-rs/tar-linux-arm-gnueabihf@0.1.5':
    resolution: {integrity: sha512-OjGdKjaW7b0m96rAvsLthMBhwYSSgpTM/WkHqRJo91HCYQ6tHXDBnq4VIQx2FpwT1PoetvRsbSgy0tOc95iYjA==}
    engines: {node: '>= 10'}
    cpu: [arm]
    os: [linux]

  '@napi-rs/tar-linux-arm64-gnu@0.1.5':
    resolution: {integrity: sha512-o3b2VE5c7+NFb6XRcXrdXgur1yhpx+XNItFoeJUMBE8z0AGAISf2DJSbcJawmefUvrGtr+iLr61hsr6f2hw+5Q==}
    engines: {node: '>= 10'}
    cpu: [arm64]
    os: [linux]

  '@napi-rs/tar-linux-arm64-musl@0.1.5':
    resolution: {integrity: sha512-5xTxsoPVqovnZ197CqTc+q3psRM4i+ErdiyfDgkG4nP045jh50gp22WKZuE24dc7/iS+IyUrM3+PRbmj2mzR8g==}
    engines: {node: '>= 10'}
    cpu: [arm64]
    os: [linux]

  '@napi-rs/tar-linux-ppc64-gnu@0.1.5':
    resolution: {integrity: sha512-7FF1u8EkDpCEPCgU0/kvuzsO+opB7eIbsGfKRIbOqrDT7c1DYxDetNTtukPvNoT2kvwfxxThgTfcPADPxdOE/w==}
    engines: {node: '>= 10'}
    cpu: [ppc64]
    os: [linux]

  '@napi-rs/tar-linux-s390x-gnu@0.1.5':
    resolution: {integrity: sha512-uyIZ7OLCLHtVBpogoJUD0GSAF1IUa3d5c5AVUemTLIwYkVgzdEB+khh3i2+/oKObf79ZKfQ8mYxOryHqfx+ulw==}
    engines: {node: '>= 10'}
    cpu: [s390x]
    os: [linux]

  '@napi-rs/tar-linux-x64-gnu@0.1.5':
    resolution: {integrity: sha512-y8pFyVTU6lSYiW2lse6i1Ns9yt9mBkAqPbcJnIjqC7ZqRd61T6g3XZDSrKmsM6ycTfsAqoE5WyyFxBjQN29AOA==}
    engines: {node: '>= 10'}
    cpu: [x64]
    os: [linux]

  '@napi-rs/tar-linux-x64-musl@0.1.5':
    resolution: {integrity: sha512-8phLYc0QX+tqvp34PQHUulZUi4sy/fdg1KgFHiyYExTRRleBB01vM7KSn7Bk9dwH7lannO5D7j4O8OY46Xcr/A==}
    engines: {node: '>= 10'}
    cpu: [x64]
    os: [linux]

  '@napi-rs/tar-wasm32-wasi@0.1.5':
    resolution: {integrity: sha512-OpVWC/bwY0zb6nbQDg6koxeZGb441gXwPkaYVjaK4O0TJjNpRKbokLAMlGFtcc/sVSPjghFL0+enfnLDt/P7og==}
    engines: {node: '>=14.0.0'}
    cpu: [wasm32]

  '@napi-rs/tar-win32-arm64-msvc@0.1.5':
    resolution: {integrity: sha512-FXwQA2Ib55q98szshvDsitgo2iLW2lTD1Q53e8dPMGobPa2yL5e8IjJDCcMI7XJwBZPl9YjJk7nAb8y20DXF+Q==}
    engines: {node: '>= 10'}
    cpu: [arm64]
    os: [win32]

  '@napi-rs/tar-win32-ia32-msvc@0.1.5':
    resolution: {integrity: sha512-XEt58yFslNkwf2yJ+uX5nDNmPAk15Metkx2hVPeH29mOpuG2H8nuS8/42hZ+dQfZf3xABRjyurVMMH9JcgLZIQ==}
    engines: {node: '>= 10'}
    cpu: [ia32]
    os: [win32]

  '@napi-rs/tar-win32-x64-msvc@0.1.5':
    resolution: {integrity: sha512-9Rq0Ob4S5NGFwNL3kGQkgrYlObqQgw19QMSZdVuhzZ9sSxn9OSF5cWgZ/n1oMEPWK+u6n9GSN2XbPn4DI7pm7Q==}
    engines: {node: '>= 10'}
    cpu: [x64]
    os: [win32]

  '@napi-rs/tar@0.1.5':
    resolution: {integrity: sha512-skgWKcpjtUqJUk1jwhVl8vXYCXQlFC532KiryU3hQBr6ZIJk0E0qD9FG99hUqtPko8mIMS5HDPO+uSnvHfgRVg==}
    engines: {node: '>= 10'}

  '@napi-rs/wasm-runtime@0.2.12':
    resolution: {integrity: sha512-ZVWUcfwY4E/yPitQJl481FjFo3K22D6qF0DuFH6Y/nbnE11GY5uguDxZMGXPQ8WQ0128MXQD7TnfHyK4oWoIJQ==}

  '@napi-rs/wasm-runtime@1.0.3':
    resolution: {integrity: sha512-rZxtMsLwjdXkMUGC3WwsPwLNVqVqnTJT6MNIB6e+5fhMcSCPP0AOsNWuMQ5mdCq6HNjs/ZeWAEchpqeprqBD2Q==}

  '@napi-rs/wasm-tools-android-arm-eabi@0.0.3':
    resolution: {integrity: sha512-T2tme8w5jZ/ZCjJurqNtKCxYtGoDjW9v2rn1bfI60ewCfkYXNpxrTURdkOib85sz+BcwmOfXn0enbg5W9KohoQ==}
    engines: {node: '>= 10'}
    cpu: [arm]
    os: [android]

  '@napi-rs/wasm-tools-android-arm64@0.0.3':
    resolution: {integrity: sha512-siHTjrxxBrvsVty5X2jI5waAyzJpr756GqGVUqxqS2eoTuqYRfgaFNvX8asp9LAagFtOojfD0fZfuvxK7dc4Rw==}
    engines: {node: '>= 10'}
    cpu: [arm64]
    os: [android]

  '@napi-rs/wasm-tools-darwin-arm64@0.0.3':
    resolution: {integrity: sha512-0MqsSOYJ4jXcLv/nAInS8nwU+/hL0rSEJo7JXKj3dhkT9UNSj4zfidcOaIb05O9VskJBPmV040+edtWPHXNt2Q==}
    engines: {node: '>= 10'}
    cpu: [arm64]
    os: [darwin]

  '@napi-rs/wasm-tools-darwin-x64@0.0.3':
    resolution: {integrity: sha512-yXAK2mrlBMZZYK/59JRHZu/c683HFpr5ork1cn++fy8gqUBRLbjuq47VDjA7oyLW5SmWqNDhmhjFTDGvfIvcUg==}
    engines: {node: '>= 10'}
    cpu: [x64]
    os: [darwin]

  '@napi-rs/wasm-tools-freebsd-x64@0.0.3':
    resolution: {integrity: sha512-K1rne814utBd9Zo9LCggQ5h0TSnzGPzA+sG78Qr7KfFz8XQxEGDRH5wpzXyF1KaKav2RmO6wGMXlasDgIcq7GA==}
    engines: {node: '>= 10'}
    cpu: [x64]
    os: [freebsd]

  '@napi-rs/wasm-tools-linux-arm64-gnu@0.0.3':
    resolution: {integrity: sha512-Yu3gtpvGc2+hcay3SU5MK7EMrGPBq/V4i8mpw/MEYUCzOb7Vd9aL8CryElzlk0SIbktG08VYMdhFFFoJAjlYtg==}
    engines: {node: '>= 10'}
    cpu: [arm64]
    os: [linux]

  '@napi-rs/wasm-tools-linux-arm64-musl@0.0.3':
    resolution: {integrity: sha512-XN+sPgEwFw3P47wDvtcQyOoZNghIL8gaiRjEGzprB+kE9N21GkuMbk3kdjiBBJkjqKF25f4fbOvNAY0jQEAO3A==}
    engines: {node: '>= 10'}
    cpu: [arm64]
    os: [linux]

  '@napi-rs/wasm-tools-linux-x64-gnu@0.0.3':
    resolution: {integrity: sha512-mfMvMEqn33YtEjIyLPguZ6yDsNtF5zV7mqc99620YDyj2SLa0aI35TNTc7Dm+/hlgqHRKhdudsWGfYc4dBND2Q==}
    engines: {node: '>= 10'}
    cpu: [x64]
    os: [linux]

  '@napi-rs/wasm-tools-linux-x64-musl@0.0.3':
    resolution: {integrity: sha512-KXMsXWGELoN5xgPCoRHbgt5TScSx8BK2GcCHKJ9OPZ2HMfsXbLgS/SNi6vz1CbLMZMLPBY2G6HAk0gzLGyS0mQ==}
    engines: {node: '>= 10'}
    cpu: [x64]
    os: [linux]

  '@napi-rs/wasm-tools-wasm32-wasi@0.0.3':
    resolution: {integrity: sha512-v3iMHnAfMteogpbqHTFeLXPeAzL5AhpDJLvZvLXbuRiMsMRL0dn8CbcEnYja2P/Ui6Xlyky6PcaUsepOUTNb7A==}
    engines: {node: '>=14.0.0'}
    cpu: [wasm32]

  '@napi-rs/wasm-tools-win32-arm64-msvc@0.0.3':
    resolution: {integrity: sha512-HWrg9cW+u+rQKL9XCQILaGGs6mDYdwX9nwcTIvJAjrpGWu8Dp4wz6i66w6YKHqVng1suGYjjr+LH4/1e0tDaAg==}
    engines: {node: '>= 10'}
    cpu: [arm64]
    os: [win32]

  '@napi-rs/wasm-tools-win32-ia32-msvc@0.0.3':
    resolution: {integrity: sha512-h99hAWvQKhcloyPfPi0IjrvKRToTE9Z4UVXoXZhcjpCGmr3o1qW+1FAupRy/TcVdMjUJNLE/aenml3UPqzQEQw==}
    engines: {node: '>= 10'}
    cpu: [ia32]
    os: [win32]

  '@napi-rs/wasm-tools-win32-x64-msvc@0.0.3':
    resolution: {integrity: sha512-7/6IpzMi9VGYxLcc9SJyu9ZIdbDwyyb09glVF/2SFEgke9F5H46XzRrAdSoRnjfcq/tdLyHKJbnpCIB257qVYg==}
    engines: {node: '>= 10'}
    cpu: [x64]
    os: [win32]

  '@napi-rs/wasm-tools@0.0.3':
    resolution: {integrity: sha512-p7NT5wnOIwmP0f3KbXlMabeld5dPFsADpHMWJaBodTSmnPE8P4msguxKJLKWquqAS1FY2dsjBZ62K0/hfiqAUg==}
    engines: {node: '>= 10'}

  '@octokit/auth-token@6.0.0':
    resolution: {integrity: sha512-P4YJBPdPSpWTQ1NU4XYdvHvXJJDxM6YwpS0FZHRgP7YFkdVxsWcpWGy/NVqlAA7PcPCnMacXlRm1y2PFZRWL/w==}
    engines: {node: '>= 20'}

  '@octokit/core@7.0.3':
    resolution: {integrity: sha512-oNXsh2ywth5aowwIa7RKtawnkdH6LgU1ztfP9AIUCQCvzysB+WeU8o2kyyosDPwBZutPpjZDKPQGIzzrfTWweQ==}
    engines: {node: '>= 20'}

  '@octokit/endpoint@11.0.0':
    resolution: {integrity: sha512-hoYicJZaqISMAI3JfaDr1qMNi48OctWuOih1m80bkYow/ayPw6Jj52tqWJ6GEoFTk1gBqfanSoI1iY99Z5+ekQ==}
    engines: {node: '>= 20'}

  '@octokit/graphql@9.0.1':
    resolution: {integrity: sha512-j1nQNU1ZxNFx2ZtKmL4sMrs4egy5h65OMDmSbVyuCzjOcwsHq6EaYjOTGXPQxgfiN8dJ4CriYHk6zF050WEULg==}
    engines: {node: '>= 20'}

  '@octokit/openapi-types@25.1.0':
    resolution: {integrity: sha512-idsIggNXUKkk0+BExUn1dQ92sfysJrje03Q0bv0e+KPLrvyqZF8MnBpFz8UNfYDwB3Ie7Z0TByjWfzxt7vseaA==}

  '@octokit/plugin-paginate-rest@13.1.1':
    resolution: {integrity: sha512-q9iQGlZlxAVNRN2jDNskJW/Cafy7/XE52wjZ5TTvyhyOD904Cvx//DNyoO3J/MXJ0ve3rPoNWKEg5iZrisQSuw==}
    engines: {node: '>= 20'}
    peerDependencies:
      '@octokit/core': '>=6'

  '@octokit/plugin-request-log@6.0.0':
    resolution: {integrity: sha512-UkOzeEN3W91/eBq9sPZNQ7sUBvYCqYbrrD8gTbBuGtHEuycE4/awMXcYvx6sVYo7LypPhmQwwpUe4Yyu4QZN5Q==}
    engines: {node: '>= 20'}
    peerDependencies:
      '@octokit/core': '>=6'

  '@octokit/plugin-rest-endpoint-methods@16.0.0':
    resolution: {integrity: sha512-kJVUQk6/dx/gRNLWUnAWKFs1kVPn5O5CYZyssyEoNYaFedqZxsfYs7DwI3d67hGz4qOwaJ1dpm07hOAD1BXx6g==}
    engines: {node: '>= 20'}
    peerDependencies:
      '@octokit/core': '>=6'

  '@octokit/request-error@7.0.0':
    resolution: {integrity: sha512-KRA7VTGdVyJlh0cP5Tf94hTiYVVqmt2f3I6mnimmaVz4UG3gQV/k4mDJlJv3X67iX6rmN7gSHCF8ssqeMnmhZg==}
    engines: {node: '>= 20'}

  '@octokit/request@10.0.3':
    resolution: {integrity: sha512-V6jhKokg35vk098iBqp2FBKunk3kMTXlmq+PtbV9Gl3TfskWlebSofU9uunVKhUN7xl+0+i5vt0TGTG8/p/7HA==}
    engines: {node: '>= 20'}

  '@octokit/rest@22.0.0':
    resolution: {integrity: sha512-z6tmTu9BTnw51jYGulxrlernpsQYXpui1RK21vmXn8yF5bp6iX16yfTtJYGK5Mh1qDkvDOmp2n8sRMcQmR8jiA==}
    engines: {node: '>= 20'}

  '@octokit/types@14.1.0':
    resolution: {integrity: sha512-1y6DgTy8Jomcpu33N+p5w58l6xyt55Ar2I91RPiIA0xCJBXyUAhXCcmZaDWSANiha7R9a6qJJ2CRomGPZ6f46g==}

  '@rspack/binding-darwin-arm64@1.5.0':
    resolution: {integrity: sha512-7909YLNnKf0BYxiCpCWOk13WyWS4493Kxk1NQwy9KPLY9ydQExk84KVsix2NuNBaI8Pnk3aVLBPJiSNXtHLjnA==}
    cpu: [arm64]
    os: [darwin]

  '@rspack/binding-darwin-x64@1.5.0':
    resolution: {integrity: sha512-poGuQsGKCMQqSswgrz8X+frqMVTdmtzUDyvi/p9BLwW+2DwWgmywU8jwE+BYtjfWp1tErBSTlLxmEPQTdcIQgQ==}
    cpu: [x64]
    os: [darwin]

  '@rspack/binding-linux-arm64-gnu@1.5.0':
    resolution: {integrity: sha512-Bvmk8h3tRhN9UgOtH+vK0SgFM3qEO36eJz7oddOl4lJQxBf2GNA87bGtkMtX+AVPz/PUn7r82uWxrlVNQHAbFg==}
    cpu: [arm64]
    os: [linux]

  '@rspack/binding-linux-arm64-musl@1.5.0':
    resolution: {integrity: sha512-bH7UwkbACDYT37YnN9kkhaF9niFFK9ndcdNvYFFr1oUT4W9Ie3V9b41EXijqp3pyh0mDSeeLPFY0aEx1t3e7Pw==}
    cpu: [arm64]
    os: [linux]

  '@rspack/binding-linux-x64-gnu@1.5.0':
    resolution: {integrity: sha512-xZ5dwNrE5KtpQyMd9israpJTcTQ3UYUUq23fTcNc79xE5aspkGixDFAYoql4YkhO0O+JWRmdSaFAn6jD+IQWQA==}
    cpu: [x64]
    os: [linux]

  '@rspack/binding-linux-x64-musl@1.5.0':
    resolution: {integrity: sha512-mv65jYvcyYPkPZJ9kjSvTAcH0o7C5jfICWCQcMmN1tCGD3b8gmf9GqSZ8e+W/JkuvrJ05qTo/PvEq9nhu+pNIg==}
    cpu: [x64]
    os: [linux]

  '@rspack/binding-wasm32-wasi@1.5.0':
    resolution: {integrity: sha512-8rVpl6xfaAFJgo1wCd+emksfl+/8nlehrtkmjY9bj79Ou+kp07L9e1B+UU0jfs8e7aLPntQuF68kzLHwYLzWIQ==}
    cpu: [wasm32]

  '@rspack/binding-win32-arm64-msvc@1.5.0':
    resolution: {integrity: sha512-dWSmNm+GR6WSkOwbhlUcot4Oqwyon+1PRZ9E0vIMFHKGvESf9CQjgHAX0QE9G0kJmRM5x3I16J4x44Kw3W/98Q==}
    cpu: [arm64]
    os: [win32]

  '@rspack/binding-win32-ia32-msvc@1.5.0':
    resolution: {integrity: sha512-YtOrFEkwhO3Y3sY6Jq0OOYPY7NBTNYuwJ6epTgzPEDGs2cBnwZfzhq0jmD/koWtv1L9+twX95vKosBdauF0tNA==}
    cpu: [ia32]
    os: [win32]

  '@rspack/binding-win32-x64-msvc@1.5.0':
    resolution: {integrity: sha512-V4fcPVYWJgDkIkSsFwmUdwC9lkL8+1dzDOwyTWe6KW2MYHF2D148WPHNyVVE6gum12TShpbIsh0j4NiiMhkMtw==}
    cpu: [x64]
    os: [win32]

  '@rspack/binding@1.5.0':
    resolution: {integrity: sha512-UGXQmwEu2gdO+tnGv2q4rOWJdWioy6dlLXeZOLYAZVh3mrfKJhZWtDEygX9hCdE5thWNRTlEvx30QQchJAszIQ==}

  '@rspack/core@1.5.0':
    resolution: {integrity: sha512-eEtiKV+CUcAtnt1K+eiHDzmBXQcNM8CfCXOzr0+gHGp4w4Zks2B8RF36sYD03MM2bg8VRXXsf0MicQ8FvRMCOg==}
    engines: {node: '>=18.12.0'}
    peerDependencies:
      '@swc/helpers': '>=0.5.1'
    peerDependenciesMeta:
      '@swc/helpers':
        optional: true

  '@rspack/lite-tapable@1.0.1':
    resolution: {integrity: sha512-VynGOEsVw2s8TAlLf/uESfrgfrq2+rcXB1muPJYBWbsm1Oa6r5qVQhjA5ggM6z/coYPrsVMgovl3Ff7Q7OCp1w==}
    engines: {node: '>=16.0.0'}

  '@tybys/wasm-util@0.10.0':
    resolution: {integrity: sha512-VyyPYFlOMNylG45GoAe0xDoLwWuowvf92F9kySqzYh8vmYm7D2u4iUJKa1tOUpS70Ku13ASrOkS4ScXFsTaCNQ==}

  '@types/node@24.3.0':
    resolution: {integrity: sha512-aPTXCrfwnDLj4VvXrm+UUCQjNEvJgNA8s5F1cvwQU+3KNltTOkBm1j30uNLyqqPNe7gE3KFzImYoZEfLhp4Yow==}

  ansi-escapes@4.3.2:
    resolution: {integrity: sha512-gKXj5ALrKWQLsYG9jlTRmR/xKluxHV+Z9QEwNIgCfM1/uwPMCuzVVnh5mwTd+OuBZcwSIMbqssNWRm1lE51QaQ==}
    engines: {node: '>=8'}

  ansi-regex@5.0.1:
    resolution: {integrity: sha512-quJQXlTSUGL2LH9SUXo8VwsY4soanhgo6LNSm84E1LBcE8s3O0wpdiRzyR9z/ZZJMlMWv37qOOb9pdJlMUEKFQ==}
    engines: {node: '>=8'}

  ansi-styles@4.3.0:
    resolution: {integrity: sha512-zbB9rCJAT1rbjiVDb2hqKFHNYLxgtk8NURxZ3IZwD3F6NtxbXZQCnnSi1Lkx+IDohdPlFp222wVALIheZJQSEg==}
    engines: {node: '>=8'}

  argparse@2.0.1:
    resolution: {integrity: sha512-8+9WqebbFzpX9OR+Wa6O29asIogeRMzcGtAINdpMHHyAg10f05aSFVBbcEqGf/PXw1EjAZ+q2/bEBg3DvurK3Q==}

  before-after-hook@4.0.0:
    resolution: {integrity: sha512-q6tR3RPqIB1pMiTRMFcZwuG5T8vwp+vUvEG0vuI6B+Rikh5BfPp2fQ82c925FOs+b0lcFQ8CFrL+KbilfZFhOQ==}

  chardet@2.1.0:
    resolution: {integrity: sha512-bNFETTG/pM5ryzQ9Ad0lJOTa6HWD/YsScAR3EnCPZRPlQh77JocYktSHOUHelyhm8IARL+o4c4F1bP5KVOjiRA==}

  cli-width@4.1.0:
    resolution: {integrity: sha512-ouuZd4/dm2Sw5Gmqy6bGyNNNe1qt9RpmxveLSO7KcgsTnU7RXfsw+/bukWGo1abgBiMAic068rclZsO4IWmmxQ==}
    engines: {node: '>= 12'}

  clipanion@4.0.0-rc.4:
    resolution: {integrity: sha512-CXkMQxU6s9GklO/1f714dkKBMu1lopS1WFF0B8o4AxPykR1hpozxSiUZ5ZUeBjfPgCWqbcNOtZVFhB8Lkfp1+Q==}
    peerDependencies:
      typanion: '*'

  color-convert@2.0.1:
    resolution: {integrity: sha512-RRECPsj7iu/xb5oKYcsFHSppFNnsj/52OVTRKb4zP5onXwVF3zVmmToNcOfGC+CRDpfK/U584fMg38ZHCaElKQ==}
    engines: {node: '>=7.0.0'}

  color-name@1.1.4:
    resolution: {integrity: sha512-dOy+3AuW3a2wNbZHIuMZpTcgjGuLU/uBL/ubcZF9OXbDo8ff4O8yVp5Bf0efS8uEoYo5q4Fx7dY9OgQGXgAsQA==}

  colorette@2.0.20:
    resolution: {integrity: sha512-IfEDxwoWIjkeXL1eXcDiow4UbKjhLdq6/EuSVR9GMN7KVH3r9gQ83e73hsz1Nd1T3ijd5xv1wcWRYO+D6kCI2w==}

  debug@4.4.1:
    resolution: {integrity: sha512-KcKCqiftBJcZr++7ykoDIEwSa3XWowTfNPo92BYxjXiyYEVrUQh2aLyhxBCwww+heortUFxEJYcRzosstTEBYQ==}
    engines: {node: '>=6.0'}
    peerDependencies:
      supports-color: '*'
    peerDependenciesMeta:
      supports-color:
        optional: true

  emoji-regex@8.0.0:
    resolution: {integrity: sha512-MSjYzcWNOA0ewAHpz0MxpYFvwg6yjy1NG3xteoqz644VCo/RPgnr1/GGt+ic3iJTzQ8Eu3TdM14SawnVUmGE6A==}

  fast-content-type-parse@3.0.0:
    resolution: {integrity: sha512-ZvLdcY8P+N8mGQJahJV5G4U88CSvT1rP8ApL6uETe88MBXrBHAkZlSEySdUlyztF7ccb+Znos3TFqaepHxdhBg==}

  find-up@7.0.0:
    resolution: {integrity: sha512-YyZM99iHrqLKjmt4LJDj58KI+fYyufRLBSYcqycxf//KpBk9FoewoGX0450m9nB44qrZnovzC2oeP5hUibxc/g==}
    engines: {node: '>=18'}

  iconv-lite@0.6.3:
    resolution: {integrity: sha512-4fCk79wshMdzMp2rH06qWrJE4iolqLhCUH+OiuIgU++RB0+94NlDL81atO7GX55uUKueo0txHNtvEyI6D7WdMw==}
    engines: {node: '>=0.10.0'}

  is-fullwidth-code-point@3.0.0:
    resolution: {integrity: sha512-zymm5+u+sCsSWyD9qNaejV3DFvhCKclKdizYaJUuHA83RLjb7nSuGnddCHGv0hk+KY7BMAlsWeK4Ueg6EV6XQg==}
    engines: {node: '>=8'}

  js-yaml@4.1.0:
    resolution: {integrity: sha512-wpxZs9NoxZaJESJGIZTyDEaYpl0FKSA+FB9aJiyemKhMwkxQg63h4T1KJgUGHpTqPDNRcmmYLugrRjJlBtWvRA==}
    hasBin: true

  locate-path@7.2.0:
    resolution: {integrity: sha512-gvVijfZvn7R+2qyPX8mAuKcFGDf6Nc61GdvGafQsHL0sBIxfKzA+usWn4GFC/bk+QdwPUD4kWFJLhElipq+0VA==}
    engines: {node: ^12.20.0 || ^14.13.1 || >=16.0.0}

  lodash-es@4.17.21:
    resolution: {integrity: sha512-mKnC+QJ9pWVzv+C4/U3rRsHapFfHvQFoFB92e52xeyGMcX6/OlIl78je1u8vePzYZSkkogMPJ2yjxxsb89cxyw==}

  ms@2.1.3:
    resolution: {integrity: sha512-6FlzubTLZG3J2a/NVCAleEhjzq5oxgHyaCU9yYXvcLsvoVaHJq/s5xXI6/XXP6tz7R9xAOtHnSO/tXtF3WRTlA==}

  mute-stream@2.0.0:
    resolution: {integrity: sha512-WWdIxpyjEn+FhQJQQv9aQAYlHoNVdzIzUySNV1gHUPDSdZJ3yZn7pAAbQcV7B56Mvu881q9FZV+0Vx2xC44VWA==}
    engines: {node: ^18.17.0 || >=20.5.0}

  p-limit@4.0.0:
    resolution: {integrity: sha512-5b0R4txpzjPWVw/cXXUResoD4hb6U/x9BH08L7nw+GN1sezDzPdxeRvpc9c433fZhBan/wusjbCsqwqm4EIBIQ==}
    engines: {node: ^12.20.0 || ^14.13.1 || >=16.0.0}

  p-locate@6.0.0:
    resolution: {integrity: sha512-wPrq66Llhl7/4AGC6I+cqxT07LhXvWL08LNXz1fENOw0Ap4sRZZ/gZpTTJ5jpurzzzfS2W/Ge9BY3LgLjCShcw==}
    engines: {node: ^12.20.0 || ^14.13.1 || >=16.0.0}

  path-exists@5.0.0:
    resolution: {integrity: sha512-RjhtfwJOxzcFmNOi6ltcbcu4Iu+FL3zEj83dk4kAS+fVpTxXLO1b38RvJgT/0QwvV/L3aY9TAnyv0EOqW4GoMQ==}
    engines: {node: ^12.20.0 || ^14.13.1 || >=16.0.0}

  safer-buffer@2.1.2:
    resolution: {integrity: sha512-YZo3K82SD7Riyi0E1EQPojLz7kpepnSQI9IyPbHHg1XXXevb5dJI7tpyN2ADxGcQbHG7vcyRHk0cbwqcQriUtg==}

  semver@7.7.2:
    resolution: {integrity: sha512-RF0Fw+rO5AMf9MAyaRXI4AV0Ulj5lMHqVxxdSgiVbixSCXoEmmX/jk0CuJw4+3SqroYO9VoUh+HcuJivvtJemA==}
    engines: {node: '>=10'}
    hasBin: true

  signal-exit@4.1.0:
    resolution: {integrity: sha512-bzyZ1e88w9O1iNJbKnOlvYTrWPDl46O1bG0D3XInv+9tkPrxrN8jUUTiFlDkkmKWgn1M6CfIA13SuGqOa9Korw==}
    engines: {node: '>=14'}

  string-width@4.2.3:
    resolution: {integrity: sha512-wKyQRQpjJ0sIp62ErSZdGsjMJWsap5oRNihHhu6G7JVO/9jIB6UyevL+tXuOqrng8j/cxKTWyWUwvSTriiZz/g==}
    engines: {node: '>=8'}

  strip-ansi@6.0.1:
    resolution: {integrity: sha512-Y38VPSHcqkFrCpFnQ9vuSXmquuv5oXOKpGeT6aGrr3o3Gc9AlVa6JBfUSOCnbxGGZF+/0ooI7KrPuUSztUdU5A==}
    engines: {node: '>=8'}

  tslib@2.8.1:
    resolution: {integrity: sha512-oJFu94HQb+KVduSUQL7wnpmqnfmLsOA/nAh6b6EH0wCEoK0/mPeXU6c3wKDV83MkOuHPRHtSXKKU99IBazS/2w==}

  typanion@3.14.0:
    resolution: {integrity: sha512-ZW/lVMRabETuYCd9O9ZvMhAh8GslSqaUjxmK/JLPCh6l73CvLBiuXswj/+7LdnWOgYsQ130FqLzFz5aGT4I3Ug==}

  type-fest@0.21.3:
    resolution: {integrity: sha512-t0rzBq87m3fVcduHDUFhKmyyX+9eo6WQjZvf51Ea/M0Q7+T374Jp1aUiyUl0GKxp8M/OETVHSDvmkyPgvX+X2w==}
    engines: {node: '>=10'}

  typescript@5.9.2:
    resolution: {integrity: sha512-CWBzXQrc/qOkhidw1OzBTQuYRbfyxDXJMVJ1XNwUHGROVmuaeiEm3OslpZ1RV96d7SKKjZKrSJu3+t/xlw3R9A==}
    engines: {node: '>=14.17'}
    hasBin: true

  undici-types@7.10.0:
    resolution: {integrity: sha512-t5Fy/nfn+14LuOc2KNYg75vZqClpAiqscVvMygNnlsHBFpSXdJaYtXMcdNLpl/Qvc3P2cB3s6lOV51nqsFq4ag==}

  unicorn-magic@0.1.0:
    resolution: {integrity: sha512-lRfVq8fE8gz6QMBuDM6a+LO3IAzTi05H6gCVaUpir2E1Rwpo4ZUog45KpNXKC/Mn3Yb9UDuHumeFTo9iV/D9FQ==}
    engines: {node: '>=18'}

  universal-user-agent@7.0.3:
    resolution: {integrity: sha512-TmnEAEAsBJVZM/AADELsK76llnwcf9vMKuPz8JflO1frO8Lchitr0fNaN9d+Ap0BjKtqWqd/J17qeDnXh8CL2A==}

  wasm-sjlj@1.0.6:
    resolution: {integrity: sha512-pjaKtLJejlWm6+okPV2X1A6nIsRDD4qeK97eCh8DP8KXi3Nzn/HY01vpHhZHlhDri12eZqipjm8HhdTVw+ATxw==}

  wrap-ansi@6.2.0:
    resolution: {integrity: sha512-r6lPcBGxZXlIcymEu7InxDMhdW0KDxpLgoFLcguasxCaJ/SOIZwINatK9KY/tf+ZrlywOKU0UDj3ATXUBfxJXA==}
    engines: {node: '>=8'}

  yocto-queue@1.2.1:
    resolution: {integrity: sha512-AyeEbWOu/TAXdxlV9wmGcR0+yh2j3vYPGOECcIj2S7MkrLyC7ne+oye2BKTItt0ii2PHk4cDy+95+LshzbXnGg==}
    engines: {node: '>=12.20'}

  yoctocolors-cjs@2.1.3:
    resolution: {integrity: sha512-U/PBtDf35ff0D8X8D0jfdzHYEPFxAI7jJlxZXwCSez5M3190m+QobIfh+sWDWSHMCWWJN2AWamkegn6vr6YBTw==}
    engines: {node: '>=18'}

snapshots:

  '@emnapi/core@1.4.5':
    dependencies:
      '@emnapi/wasi-threads': 1.0.4
      tslib: 2.8.1
    optional: true

  '@emnapi/runtime@1.4.5':
    dependencies:
      tslib: 2.8.1
    optional: true

  '@emnapi/wasi-threads@1.0.4':
    dependencies:
      tslib: 2.8.1
    optional: true

  '@inquirer/checkbox@4.2.2(@types/node@24.3.0)':
    dependencies:
      '@inquirer/core': 10.2.0(@types/node@24.3.0)
      '@inquirer/figures': 1.0.13
      '@inquirer/type': 3.0.8(@types/node@24.3.0)
      ansi-escapes: 4.3.2
      yoctocolors-cjs: 2.1.3
    optionalDependencies:
      '@types/node': 24.3.0

  '@inquirer/confirm@5.1.16(@types/node@24.3.0)':
    dependencies:
      '@inquirer/core': 10.2.0(@types/node@24.3.0)
      '@inquirer/type': 3.0.8(@types/node@24.3.0)
    optionalDependencies:
      '@types/node': 24.3.0

  '@inquirer/core@10.2.0(@types/node@24.3.0)':
    dependencies:
      '@inquirer/figures': 1.0.13
      '@inquirer/type': 3.0.8(@types/node@24.3.0)
      ansi-escapes: 4.3.2
      cli-width: 4.1.0
      mute-stream: 2.0.0
      signal-exit: 4.1.0
      wrap-ansi: 6.2.0
      yoctocolors-cjs: 2.1.3
    optionalDependencies:
      '@types/node': 24.3.0

  '@inquirer/editor@4.2.18(@types/node@24.3.0)':
    dependencies:
      '@inquirer/core': 10.2.0(@types/node@24.3.0)
      '@inquirer/external-editor': 1.0.1(@types/node@24.3.0)
      '@inquirer/type': 3.0.8(@types/node@24.3.0)
    optionalDependencies:
      '@types/node': 24.3.0

  '@inquirer/expand@4.0.18(@types/node@24.3.0)':
    dependencies:
      '@inquirer/core': 10.2.0(@types/node@24.3.0)
      '@inquirer/type': 3.0.8(@types/node@24.3.0)
      yoctocolors-cjs: 2.1.3
    optionalDependencies:
      '@types/node': 24.3.0

  '@inquirer/external-editor@1.0.1(@types/node@24.3.0)':
    dependencies:
      chardet: 2.1.0
      iconv-lite: 0.6.3
    optionalDependencies:
      '@types/node': 24.3.0

  '@inquirer/figures@1.0.13': {}

  '@inquirer/input@4.2.2(@types/node@24.3.0)':
    dependencies:
      '@inquirer/core': 10.2.0(@types/node@24.3.0)
      '@inquirer/type': 3.0.8(@types/node@24.3.0)
    optionalDependencies:
      '@types/node': 24.3.0

  '@inquirer/number@3.0.18(@types/node@24.3.0)':
    dependencies:
      '@inquirer/core': 10.2.0(@types/node@24.3.0)
      '@inquirer/type': 3.0.8(@types/node@24.3.0)
    optionalDependencies:
      '@types/node': 24.3.0

  '@inquirer/password@4.0.18(@types/node@24.3.0)':
    dependencies:
      '@inquirer/core': 10.2.0(@types/node@24.3.0)
      '@inquirer/type': 3.0.8(@types/node@24.3.0)
      ansi-escapes: 4.3.2
    optionalDependencies:
      '@types/node': 24.3.0

  '@inquirer/prompts@7.8.4(@types/node@24.3.0)':
    dependencies:
      '@inquirer/checkbox': 4.2.2(@types/node@24.3.0)
      '@inquirer/confirm': 5.1.16(@types/node@24.3.0)
      '@inquirer/editor': 4.2.18(@types/node@24.3.0)
      '@inquirer/expand': 4.0.18(@types/node@24.3.0)
      '@inquirer/input': 4.2.2(@types/node@24.3.0)
      '@inquirer/number': 3.0.18(@types/node@24.3.0)
      '@inquirer/password': 4.0.18(@types/node@24.3.0)
      '@inquirer/rawlist': 4.1.6(@types/node@24.3.0)
      '@inquirer/search': 3.1.1(@types/node@24.3.0)
      '@inquirer/select': 4.3.2(@types/node@24.3.0)
    optionalDependencies:
      '@types/node': 24.3.0

  '@inquirer/rawlist@4.1.6(@types/node@24.3.0)':
    dependencies:
      '@inquirer/core': 10.2.0(@types/node@24.3.0)
      '@inquirer/type': 3.0.8(@types/node@24.3.0)
      yoctocolors-cjs: 2.1.3
    optionalDependencies:
      '@types/node': 24.3.0

  '@inquirer/search@3.1.1(@types/node@24.3.0)':
    dependencies:
      '@inquirer/core': 10.2.0(@types/node@24.3.0)
      '@inquirer/figures': 1.0.13
      '@inquirer/type': 3.0.8(@types/node@24.3.0)
      yoctocolors-cjs: 2.1.3
    optionalDependencies:
      '@types/node': 24.3.0

  '@inquirer/select@4.3.2(@types/node@24.3.0)':
    dependencies:
      '@inquirer/core': 10.2.0(@types/node@24.3.0)
      '@inquirer/figures': 1.0.13
      '@inquirer/type': 3.0.8(@types/node@24.3.0)
      ansi-escapes: 4.3.2
      yoctocolors-cjs: 2.1.3
    optionalDependencies:
      '@types/node': 24.3.0

  '@inquirer/type@3.0.8(@types/node@24.3.0)':
    optionalDependencies:
      '@types/node': 24.3.0

  '@module-federation/error-codes@0.18.0': {}

  '@module-federation/runtime-core@0.18.0':
    dependencies:
      '@module-federation/error-codes': 0.18.0
      '@module-federation/sdk': 0.18.0

  '@module-federation/runtime-tools@0.18.0':
    dependencies:
      '@module-federation/runtime': 0.18.0
      '@module-federation/webpack-bundler-runtime': 0.18.0

  '@module-federation/runtime@0.18.0':
    dependencies:
      '@module-federation/error-codes': 0.18.0
      '@module-federation/runtime-core': 0.18.0
      '@module-federation/sdk': 0.18.0

  '@module-federation/sdk@0.18.0': {}

  '@module-federation/webpack-bundler-runtime@0.18.0':
    dependencies:
      '@module-federation/runtime': 0.18.0
      '@module-federation/sdk': 0.18.0

  '@napi-rs/cli@3.0.1(@emnapi/runtime@1.4.5)(@types/node@24.3.0)':
    dependencies:
      '@inquirer/prompts': 7.8.4(@types/node@24.3.0)
      '@napi-rs/cross-toolchain': 0.0.19
      '@napi-rs/wasm-tools': 0.0.3
      '@octokit/rest': 22.0.0
      clipanion: 4.0.0-rc.4(typanion@3.14.0)
      colorette: 2.0.20
      debug: 4.4.1
      find-up: 7.0.0
      js-yaml: 4.1.0
      lodash-es: 4.17.21
      semver: 7.7.2
      typanion: 3.14.0
      wasm-sjlj: 1.0.6
    optionalDependencies:
      '@emnapi/runtime': 1.4.5
    transitivePeerDependencies:
      - '@napi-rs/cross-toolchain-arm64-target-aarch64'
      - '@napi-rs/cross-toolchain-arm64-target-armv7'
      - '@napi-rs/cross-toolchain-arm64-target-x86_64'
      - '@napi-rs/cross-toolchain-x64-target-aarch64'
      - '@napi-rs/cross-toolchain-x64-target-armv7'
      - '@napi-rs/cross-toolchain-x64-target-x86_64'
      - '@types/node'
      - supports-color

  '@napi-rs/cross-toolchain@0.0.19':
    dependencies:
      '@napi-rs/lzma': 1.4.5
      '@napi-rs/tar': 0.1.5
      debug: 4.4.1
    transitivePeerDependencies:
      - supports-color

  '@napi-rs/lzma-android-arm-eabi@1.4.5':
    optional: true

  '@napi-rs/lzma-android-arm64@1.4.5':
    optional: true

  '@napi-rs/lzma-darwin-arm64@1.4.5':
    optional: true

  '@napi-rs/lzma-darwin-x64@1.4.5':
    optional: true

  '@napi-rs/lzma-freebsd-x64@1.4.5':
    optional: true

  '@napi-rs/lzma-linux-arm-gnueabihf@1.4.5':
    optional: true

  '@napi-rs/lzma-linux-arm64-gnu@1.4.5':
    optional: true

  '@napi-rs/lzma-linux-arm64-musl@1.4.5':
    optional: true

  '@napi-rs/lzma-linux-ppc64-gnu@1.4.5':
    optional: true

  '@napi-rs/lzma-linux-riscv64-gnu@1.4.5':
    optional: true

  '@napi-rs/lzma-linux-s390x-gnu@1.4.5':
    optional: true

  '@napi-rs/lzma-linux-x64-gnu@1.4.5':
    optional: true

  '@napi-rs/lzma-linux-x64-musl@1.4.5':
    optional: true

  '@napi-rs/lzma-wasm32-wasi@1.4.5':
    dependencies:
      '@napi-rs/wasm-runtime': 1.0.3
    optional: true

  '@napi-rs/lzma-win32-arm64-msvc@1.4.5':
    optional: true

  '@napi-rs/lzma-win32-ia32-msvc@1.4.5':
    optional: true

  '@napi-rs/lzma-win32-x64-msvc@1.4.5':
    optional: true

  '@napi-rs/lzma@1.4.5':
    optionalDependencies:
      '@napi-rs/lzma-android-arm-eabi': 1.4.5
      '@napi-rs/lzma-android-arm64': 1.4.5
      '@napi-rs/lzma-darwin-arm64': 1.4.5
      '@napi-rs/lzma-darwin-x64': 1.4.5
      '@napi-rs/lzma-freebsd-x64': 1.4.5
      '@napi-rs/lzma-linux-arm-gnueabihf': 1.4.5
      '@napi-rs/lzma-linux-arm64-gnu': 1.4.5
      '@napi-rs/lzma-linux-arm64-musl': 1.4.5
      '@napi-rs/lzma-linux-ppc64-gnu': 1.4.5
      '@napi-rs/lzma-linux-riscv64-gnu': 1.4.5
      '@napi-rs/lzma-linux-s390x-gnu': 1.4.5
      '@napi-rs/lzma-linux-x64-gnu': 1.4.5
      '@napi-rs/lzma-linux-x64-musl': 1.4.5
      '@napi-rs/lzma-wasm32-wasi': 1.4.5
      '@napi-rs/lzma-win32-arm64-msvc': 1.4.5
      '@napi-rs/lzma-win32-ia32-msvc': 1.4.5
      '@napi-rs/lzma-win32-x64-msvc': 1.4.5

  '@napi-rs/tar-android-arm-eabi@0.1.5':
    optional: true

  '@napi-rs/tar-android-arm64@0.1.5':
    optional: true

  '@napi-rs/tar-darwin-arm64@0.1.5':
    optional: true

  '@napi-rs/tar-darwin-x64@0.1.5':
    optional: true

  '@napi-rs/tar-freebsd-x64@0.1.5':
    optional: true

  '@napi-rs/tar-linux-arm-gnueabihf@0.1.5':
    optional: true

  '@napi-rs/tar-linux-arm64-gnu@0.1.5':
    optional: true

  '@napi-rs/tar-linux-arm64-musl@0.1.5':
    optional: true

  '@napi-rs/tar-linux-ppc64-gnu@0.1.5':
    optional: true

  '@napi-rs/tar-linux-s390x-gnu@0.1.5':
    optional: true

  '@napi-rs/tar-linux-x64-gnu@0.1.5':
    optional: true

  '@napi-rs/tar-linux-x64-musl@0.1.5':
    optional: true

  '@napi-rs/tar-wasm32-wasi@0.1.5':
    dependencies:
      '@napi-rs/wasm-runtime': 0.2.12
    optional: true

  '@napi-rs/tar-win32-arm64-msvc@0.1.5':
    optional: true

  '@napi-rs/tar-win32-ia32-msvc@0.1.5':
    optional: true

  '@napi-rs/tar-win32-x64-msvc@0.1.5':
    optional: true

  '@napi-rs/tar@0.1.5':
    optionalDependencies:
      '@napi-rs/tar-android-arm-eabi': 0.1.5
      '@napi-rs/tar-android-arm64': 0.1.5
      '@napi-rs/tar-darwin-arm64': 0.1.5
      '@napi-rs/tar-darwin-x64': 0.1.5
      '@napi-rs/tar-freebsd-x64': 0.1.5
      '@napi-rs/tar-linux-arm-gnueabihf': 0.1.5
      '@napi-rs/tar-linux-arm64-gnu': 0.1.5
      '@napi-rs/tar-linux-arm64-musl': 0.1.5
      '@napi-rs/tar-linux-ppc64-gnu': 0.1.5
      '@napi-rs/tar-linux-s390x-gnu': 0.1.5
      '@napi-rs/tar-linux-x64-gnu': 0.1.5
      '@napi-rs/tar-linux-x64-musl': 0.1.5
      '@napi-rs/tar-wasm32-wasi': 0.1.5
      '@napi-rs/tar-win32-arm64-msvc': 0.1.5
      '@napi-rs/tar-win32-ia32-msvc': 0.1.5
      '@napi-rs/tar-win32-x64-msvc': 0.1.5

  '@napi-rs/wasm-runtime@0.2.12':
    dependencies:
      '@emnapi/core': 1.4.5
      '@emnapi/runtime': 1.4.5
      '@tybys/wasm-util': 0.10.0
    optional: true

  '@napi-rs/wasm-runtime@1.0.3':
    dependencies:
      '@emnapi/core': 1.4.5
      '@emnapi/runtime': 1.4.5
      '@tybys/wasm-util': 0.10.0
    optional: true

  '@napi-rs/wasm-tools-android-arm-eabi@0.0.3':
    optional: true

  '@napi-rs/wasm-tools-android-arm64@0.0.3':
    optional: true

  '@napi-rs/wasm-tools-darwin-arm64@0.0.3':
    optional: true

  '@napi-rs/wasm-tools-darwin-x64@0.0.3':
    optional: true

  '@napi-rs/wasm-tools-freebsd-x64@0.0.3':
    optional: true

  '@napi-rs/wasm-tools-linux-arm64-gnu@0.0.3':
    optional: true

  '@napi-rs/wasm-tools-linux-arm64-musl@0.0.3':
    optional: true

  '@napi-rs/wasm-tools-linux-x64-gnu@0.0.3':
    optional: true

  '@napi-rs/wasm-tools-linux-x64-musl@0.0.3':
    optional: true

  '@napi-rs/wasm-tools-wasm32-wasi@0.0.3':
    dependencies:
      '@napi-rs/wasm-runtime': 0.2.12
    optional: true

  '@napi-rs/wasm-tools-win32-arm64-msvc@0.0.3':
    optional: true

  '@napi-rs/wasm-tools-win32-ia32-msvc@0.0.3':
    optional: true

  '@napi-rs/wasm-tools-win32-x64-msvc@0.0.3':
    optional: true

  '@napi-rs/wasm-tools@0.0.3':
    optionalDependencies:
      '@napi-rs/wasm-tools-android-arm-eabi': 0.0.3
      '@napi-rs/wasm-tools-android-arm64': 0.0.3
      '@napi-rs/wasm-tools-darwin-arm64': 0.0.3
      '@napi-rs/wasm-tools-darwin-x64': 0.0.3
      '@napi-rs/wasm-tools-freebsd-x64': 0.0.3
      '@napi-rs/wasm-tools-linux-arm64-gnu': 0.0.3
      '@napi-rs/wasm-tools-linux-arm64-musl': 0.0.3
      '@napi-rs/wasm-tools-linux-x64-gnu': 0.0.3
      '@napi-rs/wasm-tools-linux-x64-musl': 0.0.3
      '@napi-rs/wasm-tools-wasm32-wasi': 0.0.3
      '@napi-rs/wasm-tools-win32-arm64-msvc': 0.0.3
      '@napi-rs/wasm-tools-win32-ia32-msvc': 0.0.3
      '@napi-rs/wasm-tools-win32-x64-msvc': 0.0.3

  '@octokit/auth-token@6.0.0': {}

  '@octokit/core@7.0.3':
    dependencies:
      '@octokit/auth-token': 6.0.0
      '@octokit/graphql': 9.0.1
      '@octokit/request': 10.0.3
      '@octokit/request-error': 7.0.0
      '@octokit/types': 14.1.0
      before-after-hook: 4.0.0
      universal-user-agent: 7.0.3

  '@octokit/endpoint@11.0.0':
    dependencies:
      '@octokit/types': 14.1.0
      universal-user-agent: 7.0.3

  '@octokit/graphql@9.0.1':
    dependencies:
      '@octokit/request': 10.0.3
      '@octokit/types': 14.1.0
      universal-user-agent: 7.0.3

  '@octokit/openapi-types@25.1.0': {}

  '@octokit/plugin-paginate-rest@13.1.1(@octokit/core@7.0.3)':
    dependencies:
      '@octokit/core': 7.0.3
      '@octokit/types': 14.1.0

  '@octokit/plugin-request-log@6.0.0(@octokit/core@7.0.3)':
    dependencies:
      '@octokit/core': 7.0.3

  '@octokit/plugin-rest-endpoint-methods@16.0.0(@octokit/core@7.0.3)':
    dependencies:
      '@octokit/core': 7.0.3
      '@octokit/types': 14.1.0

  '@octokit/request-error@7.0.0':
    dependencies:
      '@octokit/types': 14.1.0

  '@octokit/request@10.0.3':
    dependencies:
      '@octokit/endpoint': 11.0.0
      '@octokit/request-error': 7.0.0
      '@octokit/types': 14.1.0
      fast-content-type-parse: 3.0.0
      universal-user-agent: 7.0.3

  '@octokit/rest@22.0.0':
    dependencies:
      '@octokit/core': 7.0.3
      '@octokit/plugin-paginate-rest': 13.1.1(@octokit/core@7.0.3)
      '@octokit/plugin-request-log': 6.0.0(@octokit/core@7.0.3)
      '@octokit/plugin-rest-endpoint-methods': 16.0.0(@octokit/core@7.0.3)

  '@octokit/types@14.1.0':
    dependencies:
      '@octokit/openapi-types': 25.1.0

  '@rspack/binding-darwin-arm64@1.5.0':
    optional: true

  '@rspack/binding-darwin-x64@1.5.0':
    optional: true

  '@rspack/binding-linux-arm64-gnu@1.5.0':
    optional: true

  '@rspack/binding-linux-arm64-musl@1.5.0':
    optional: true

  '@rspack/binding-linux-x64-gnu@1.5.0':
    optional: true

  '@rspack/binding-linux-x64-musl@1.5.0':
    optional: true

  '@rspack/binding-wasm32-wasi@1.5.0':
    dependencies:
      '@napi-rs/wasm-runtime': 1.0.3
    optional: true

  '@rspack/binding-win32-arm64-msvc@1.5.0':
    optional: true

  '@rspack/binding-win32-ia32-msvc@1.5.0':
    optional: true

  '@rspack/binding-win32-x64-msvc@1.5.0':
    optional: true

  '@rspack/binding@1.5.0':
    optionalDependencies:
      '@rspack/binding-darwin-arm64': 1.5.0
      '@rspack/binding-darwin-x64': 1.5.0
      '@rspack/binding-linux-arm64-gnu': 1.5.0
      '@rspack/binding-linux-arm64-musl': 1.5.0
      '@rspack/binding-linux-x64-gnu': 1.5.0
      '@rspack/binding-linux-x64-musl': 1.5.0
      '@rspack/binding-wasm32-wasi': 1.5.0
      '@rspack/binding-win32-arm64-msvc': 1.5.0
      '@rspack/binding-win32-ia32-msvc': 1.5.0
      '@rspack/binding-win32-x64-msvc': 1.5.0

  '@rspack/core@1.5.0':
    dependencies:
      '@module-federation/runtime-tools': 0.18.0
      '@rspack/binding': 1.5.0
      '@rspack/lite-tapable': 1.0.1

  '@rspack/lite-tapable@1.0.1': {}

  '@tybys/wasm-util@0.10.0':
    dependencies:
      tslib: 2.8.1
    optional: true

  '@types/node@24.3.0':
    dependencies:
      undici-types: 7.10.0

  ansi-escapes@4.3.2:
    dependencies:
      type-fest: 0.21.3

  ansi-regex@5.0.1: {}

  ansi-styles@4.3.0:
    dependencies:
      color-convert: 2.0.1

  argparse@2.0.1: {}

  before-after-hook@4.0.0: {}

  chardet@2.1.0: {}

  cli-width@4.1.0: {}

  clipanion@4.0.0-rc.4(typanion@3.14.0):
    dependencies:
      typanion: 3.14.0

  color-convert@2.0.1:
    dependencies:
      color-name: 1.1.4

  color-name@1.1.4: {}

  colorette@2.0.20: {}

  debug@4.4.1:
    dependencies:
      ms: 2.1.3

  emoji-regex@8.0.0: {}

  fast-content-type-parse@3.0.0: {}

  find-up@7.0.0:
    dependencies:
      locate-path: 7.2.0
      path-exists: 5.0.0
      unicorn-magic: 0.1.0

  iconv-lite@0.6.3:
    dependencies:
      safer-buffer: 2.1.2

  is-fullwidth-code-point@3.0.0: {}

  js-yaml@4.1.0:
    dependencies:
      argparse: 2.0.1

  locate-path@7.2.0:
    dependencies:
      p-locate: 6.0.0

  lodash-es@4.17.21: {}

  ms@2.1.3: {}

  mute-stream@2.0.0: {}

  p-limit@4.0.0:
    dependencies:
      yocto-queue: 1.2.1

  p-locate@6.0.0:
    dependencies:
      p-limit: 4.0.0

  path-exists@5.0.0: {}

  safer-buffer@2.1.2: {}

  semver@7.7.2: {}

  signal-exit@4.1.0: {}

  string-width@4.2.3:
    dependencies:
      emoji-regex: 8.0.0
      is-fullwidth-code-point: 3.0.0
      strip-ansi: 6.0.1

  strip-ansi@6.0.1:
    dependencies:
      ansi-regex: 5.0.1

  tslib@2.8.1:
    optional: true

  typanion@3.14.0: {}

  type-fest@0.21.3: {}

  typescript@5.9.2: {}

  undici-types@7.10.0: {}

  unicorn-magic@0.1.0: {}

  universal-user-agent@7.0.3: {}

  wasm-sjlj@1.0.6: {}

  wrap-ansi@6.2.0:
    dependencies:
      ansi-styles: 4.3.0
      string-width: 4.2.3
      strip-ansi: 6.0.1

  yocto-queue@1.2.1: {}

  yoctocolors-cjs@2.1.3: {}
